Microsoft Visual Studio Solution File, Format Version 12.00
# Visual Studio 2015
Project("{8BC9CEB8-8B4A-11D0-8D11-00A0C91BC942}") = "adminpack", "adminpack.vcxproj", "{79ACB76F-F87A-4DED-92C2-39051078E32D}"
EndProject
Project("{8BC9CEB8-8B4A-11D0-8D11-00A0C91BC942}") = "amcheck", "amcheck.vcxproj", "{7686D7AE-08F5-4550-8652-249A4918965C}"
EndProject
Project("{8BC9CEB8-8B4A-11D0-8D11-00A0C91BC942}") = "auth_delay", "auth_delay.vcxproj", "{919BB27D-06E6-4A07-B388-47A49032DEBD}"
EndProject
Project("{8BC9CEB8-8B4A-11D0-8D11-00A0C91BC942}") = "auto_explain", "auto_explain.vcxproj", "{8B3226FD-C3D0-4E8C-A5E6-697178194543}"
EndProject
Project("{8BC9CEB8-8B4A-11D0-8D11-00A0C91BC942}") = "bloom", "bloom.vcxproj", "{70803461-CFAB-4282-8334-2B6338C994E7}"
EndProject
Project("{8BC9CEB8-8B4A-11D0-8D11-00A0C91BC942}") = "btree_gin", "btree_gin.vcxproj", "{E7F73E5A-85EA-4561-8B4B-858F81CF3E65}"
EndProject
Project("{8BC9CEB8-8B4A-11D0-8D11-00A0C91BC942}") = "btree_gist", "btree_gist.vcxproj", "{18877326-083F-4E00-914B-705292DBB697}"
EndProject
Project("{8BC9CEB8-8B4A-11D0-8D11-00A0C91BC942}") = "chkpass", "chkpass.vcxproj", "{6A34D7B6-25EC-484C-8553-E8120CF289B4}"
EndProject
Project("{8BC9CEB8-8B4A-11D0-8D11-00A0C91BC942}") = "citext", "citext.vcxproj", "{EF2A3076-716B-42DD-9288-216D52C0AC53}"
EndProject
Project("{8BC9CEB8-8B4A-11D0-8D11-00A0C91BC942}") = "cube", "cube.vcxproj", "{678B77BC-F6FD-444B-A0CF-3BDB1C29C2AA}"
EndProject
Project("{8BC9CEB8-8B4A-11D0-8D11-00A0C91BC942}") = "dblink", "dblink.vcxproj", "{3946F5B1-5EF8-4D5D-A91D-D7A58F20A5ED}"
EndProject
Project("{8BC9CEB8-8B4A-11D0-8D11-00A0C91BC942}") = "dict_int", "dict_int.vcxproj", "{A6FD5D2A-65F2-4DB3-B407-7012FEE0405E}"
EndProject
Project("{8BC9CEB8-8B4A-11D0-8D11-00A0C91BC942}") = "dict_xsyn", "dict_xsyn.vcxproj", "{ADB0F9B1-D0F0-408E-BC67-9DB3E85097F5}"
EndProject
Project("{8BC9CEB8-8B4A-11D0-8D11-00A0C91BC942}") = "earthdistance", "earthdistance.vcxproj", "{7E2A429C-FD66-4B47-B8C9-9F405DE9074C}"
EndProject
Project("{8BC9CEB8-8B4A-11D0-8D11-00A0C91BC942}") = "file_fdw", "file_fdw.vcxproj", "{B1F0A96F-5F61-4DD4-90E7-38DF9838DDA5}"
EndProject
Project("{8BC9CEB8-8B4A-11D0-8D11-00A0C91BC942}") = "fuzzystrmatch", "fuzzystrmatch.vcxproj", "{54CC6655-FAE4-46A7-9848-6D028F7FCFB4}"
EndProject
Project("{8BC9CEB8-8B4A-11D0-8D11-00A0C91BC942}") = "hstore", "hstore.vcxproj", "{44862BDE-4F5D-4D38-AB20-6C35526025F4}"
EndProject
Project("{8BC9CEB8-8B4A-11D0-8D11-00A0C91BC942}") = "_int", "_int.vcxproj", "{81E8EC9F-5E95-4DF2-AD24-AE8136F0A9DF}"
EndProject
Project("{8BC9CEB8-8B4A-11D0-8D11-00A0C91BC942}") = "isn", "isn.vcxproj", "{3B839374-4795-4496-AA82-B73B84DADDA4}"
EndProject
Project("{8BC9CEB8-8B4A-11D0-8D11-00A0C91BC942}") = "lo", "lo.vcxproj", "{E81C304E-4D4D-4A15-92BA-75EF5112BD8E}"
EndProject
Project("{8BC9CEB8-8B4A-11D0-8D11-00A0C91BC942}") = "ltree", "ltree.vcxproj", "{5A361CD4-062F-4CAF-AD93-6BAB0718529C}"
EndProject
Project("{8BC9CEB8-8B4A-11D0-8D11-00A0C91BC942}") = "oid2name", "oid2name.vcxproj", "{B0F76896-5462-45C0-BE2A-37BBE7166161}"
EndProject
Project("{8BC9CEB8-8B4A-11D0-8D11-00A0C91BC942}") = "pageinspect", "pageinspect.vcxproj", "{AF967DA5-47AA-4969-B9D1-79898DE6BEF4}"
EndProject
Project("{8BC9CEB8-8B4A-11D0-8D11-00A0C91BC942}") = "passwordcheck", "passwordcheck.vcxproj", "{D727C5A3-A6ED-4D28-A6BA-01B9661FADDC}"
EndProject
Project("{8BC9CEB8-8B4A-11D0-8D11-00A0C91BC942}") = "pgrowlocks", "pgrowlocks.vcxproj", "{C0C6AAFB-D36C-4F39-ABE7-8C7010D43BA4}"
EndProject
Project("{8BC9CEB8-8B4A-11D0-8D11-00A0C91BC942}") = "pgstattuple", "pgstattuple.vcxproj", "{87CC372B-3B7E-48D0-8527-D799A2E9E345}"
EndProject
Project("{8BC9CEB8-8B4A-11D0-8D11-00A0C91BC942}") = "pg_buffercache", "pg_buffercache.vcxproj", "{ADC6A5E6-CCE8-441D-BD90-EAC433DC7206}"
EndProject
Project("{8BC9CEB8-8B4A-11D0-8D11-00A0C91BC942}") = "pg_freespacemap", "pg_freespacemap.vcxproj", "{C5DE77AD-EEC9-47B6-9E28-FF847DAD0336}"
EndProject
Project("{8BC9CEB8-8B4A-11D0-8D11-00A0C91BC942}") = "pg_prewarm", "pg_prewarm.vcxproj", "{81949030-666B-48E2-9C31-7FFA18583A41}"
EndProject
Project("{8BC9CEB8-8B4A-11D0-8D11-00A0C91BC942}") = "pg_standby", "pg_standby.vcxproj", "{9BCD4224-C4E9-442B-9F16-1981DDDEBE91}"
EndProject
Project("{8BC9CEB8-8B4A-11D0-8D11-00A0C91BC942}") = "pg_stat_statements", "pg_stat_statements.vcxproj", "{4127B951-0AD9-4357-AB2A-003E437C5A0C}"
EndProject
Project("{8BC9CEB8-8B4A-11D0-8D11-00A0C91BC942}") = "pg_trgm", "pg_trgm.vcxproj", "{8211957E-982E-472D-BAD7-BEDB38CEC233}"
EndProject
Project("{8BC9CEB8-8B4A-11D0-8D11-00A0C91BC942}") = "pg_visibility", "pg_visibility.vcxproj", "{8ABF2A19-FA51-487D-A90A-C41A8AFB873D}"
EndProject
Project("{8BC9CEB8-8B4A-11D0-8D11-00A0C91BC942}") = "postgres_fdw", "postgres_fdw.vcxproj", "{D748487C-54F9-45A6-A1DB-8F3861935668}"
EndProject
Project("{8BC9CEB8-8B4A-11D0-8D11-00A0C91BC942}") = "seg", "seg.vcxproj", "{EACFA505-37D0-4F61-BB66-32A3DD65205D}"
EndProject
Project("{8BC9CEB8-8B4A-11D0-8D11-00A0C91BC942}") = "autoinc", "autoinc.vcxproj", "{7827F1C3-7289-4497-A1A5-BD2A67EEFF5A}"
EndProject
Project("{8BC9CEB8-8B4A-11D0-8D11-00A0C91BC942}") = "insert_username", "insert_username.vcxproj", "{66F2266E-643C-49DB-B36C-C8E48B41CFDE}"
EndProject
Project("{8BC9CEB8-8B4A-11D0-8D11-00A0C91BC942}") = "moddatetime", "moddatetime.vcxproj", "{3696F160-8E60-47A6-B803-45A8FD0CB607}"
EndProject
Project("{8BC9CEB8-8B4A-11D0-8D11-00A0C91BC942}") = "refint", "refint.vcxproj", "{BE2C30B9-C52E-47A9-875D-52A65CB90CAF}"
EndProject
Project("{8BC9CEB8-8B4A-11D0-8D11-00A0C91BC942}") = "timetravel", "timetravel.vcxproj", "{E3FDD3BB-2AC6-4042-9573-E07F21AD39CB}"
EndProject
Project("{8BC9CEB8-8B4A-11D0-8D11-00A0C91BC942}") = "tablefunc", "tablefunc.vcxproj", "{46DA5FB6-59DF-4B57-A4D5-1FD9E5DA42A4}"
EndProject
Project("{8BC9CEB8-8B4A-11D0-8D11-00A0C91BC942}") = "tcn", "tcn.vcxproj", "{F7B2F787-86A8-4FED-BC58-E41D99DA1D45}"
EndProject
Project("{8BC9CEB8-8B4A-11D0-8D11-00A0C91BC942}") = "test_decoding", "test_decoding.vcxproj", "{9FE11A56-8046-4CED-BD07-06380E0BE485}"
EndProject
Project("{8BC9CEB8-8B4A-11D0-8D11-00A0C91BC942}") = "tsm_system_rows", "tsm_system_rows.vcxproj", "{1CB103F3-BDD4-4623-A961-F3DB3BD7FBA3}"
EndProject
Project("{8BC9CEB8-8B4A-11D0-8D11-00A0C91BC942}") = "tsm_system_time", "tsm_system_time.vcxproj", "{1367F52B-B638-46FB-9E41-2A6010DA58A1}"
EndProject
Project("{8BC9CEB8-8B4A-11D0-8D11-00A0C91BC942}") = "unaccent", "unaccent.vcxproj", "{C792ECBE-85E8-420F-961E-4284E9FC3841}"
EndProject
Project("{8BC9CEB8-8B4A-11D0-8D11-00A0C91BC942}") = "vacuumlo", "vacuumlo.vcxproj", "{31E37EEC-865D-43E9-88A8-0162D98146D7}"
EndProject
Project("{8BC9CEB8-8B4A-11D0-8D11-00A0C91BC942}") = "dummy_seclabel", "dummy_seclabel.vcxproj", "{D827054B-1C4C-4ADF-8B4B-236018F1491C}"
EndProject
Project("{8BC9CEB8-8B4A-11D0-8D11-00A0C91BC942}") = "test_ddl_deparse", "test_ddl_deparse.vcxproj", "{EB3D55A4-9534-4E7F-BA53-1AB60C9BE733}"
EndProject
Project("{8BC9CEB8-8B4A-11D0-8D11-00A0C91BC942}") = "test_parser", "test_parser.vcxproj", "{8CCE9BE5-AD39-4DBE-BB4C-CCAD2B30820E}"
EndProject
Project("{8BC9CEB8-8B4A-11D0-8D11-00A0C91BC942}") = "test_rls_hooks", "test_rls_hooks.vcxproj", "{C7AA5AAA-1524-4E7D-B06F-4ACBD8F721BE}"
EndProject
Project("{8BC9CEB8-8B4A-11D0-8D11-00A0C91BC942}") = "test_shm_mq", "test_shm_mq.vcxproj", "{8A17CF43-DAEF-425D-AE80-BE031CF6E2D8}"
EndProject
Project("{8BC9CEB8-8B4A-11D0-8D11-00A0C91BC942}") = "worker_spi", "worker_spi.vcxproj", "{3FEFC72A-2852-4207-9E94-6C06162D8F57}"
EndProject
Project("{2150E333-8FDC-42A3-9474-1A3956D46DE8}") = "contrib", "contrib", "{734C74B5-05B3-4FD3-A3AD-956C38AF65D1}"
EndProject
Project("{8BC9CEB8-8B4A-11D0-8D11-00A0C91BC942}") = "postgres", "postgres.vcxproj", "{0B6AFB94-58E0-4C33-826D-C6F3D215492D}"
EndProject
Project("{8BC9CEB8-8B4A-11D0-8D11-00A0C91BC942}") = "dict_snowball", "dict_snowball.vcxproj", "{6A91CFB9-0E90-4254-8A46-DE137BDAF90A}"
EndProject
Project("{8BC9CEB8-8B4A-11D0-8D11-00A0C91BC942}") = "libpqwalreceiver", "libpqwalreceiver.vcxproj", "{712C612A-A8EC-41BE-8C8B-F68F6D6142AB}"
EndProject
Project("{8BC9CEB8-8B4A-11D0-8D11-00A0C91BC942}") = "pgoutput", "pgoutput.vcxproj", "{068AA035-0D68-4431-AD31-F87C6148C145}"
EndProject
Project("{8BC9CEB8-8B4A-11D0-8D11-00A0C91BC942}") = "libpq", "libpq.vcxproj", "{F41E6579-BBDE-4061-AAA4-2B3E3E616182}"
EndProject
Project("{8BC9CEB8-8B4A-11D0-8D11-00A0C91BC942}") = "libpgtypes", "libpgtypes.vcxproj", "{D4D72E6B-3844-495C-9409-A88F2ED7554F}"
EndProject
Project("{8BC9CEB8-8B4A-11D0-8D11-00A0C91BC942}") = "libecpg", "libecpg.vcxproj", "{DB3D67B8-2F2F-4352-959F-8BC743DFB0F2}"
EndProject
Project("{8BC9CEB8-8B4A-11D0-8D11-00A0C91BC942}") = "libecpg_compat", "libecpg_compat.vcxproj", "{B05C36ED-3205-4B10-905C-5092933BF871}"
EndProject
Project("{8BC9CEB8-8B4A-11D0-8D11-00A0C91BC942}") = "ecpg", "ecpg.vcxproj", "{68C202D9-4A2C-45FD-A8DF-ECDD37A2F604}"
EndProject
Project("{2150E333-8FDC-42A3-9474-1A3956D46DE8}") = "interfaces", "interfaces", "{60CAE8EF-579A-48F9-A874-AC70C10BCE01}"
EndProject
Project("{8BC9CEB8-8B4A-11D0-8D11-00A0C91BC942}") = "zic", "zic.vcxproj", "{AFFF4EB8-46EC-432B-A8E7-D9B48065A397}"
EndProject
Project("{2150E333-8FDC-42A3-9474-1A3956D46DE8}") = "utils", "utils", "{F22ECB29-132B-474F-9C6E-6E1461B5C839}"
EndProject
Project("{8BC9CEB8-8B4A-11D0-8D11-00A0C91BC942}") = "plpgsql", "plpgsql.vcxproj", "{3B44D285-403F-4B82-9C75-AFD0033D5C57}"
EndProject
Project("{2150E333-8FDC-42A3-9474-1A3956D46DE8}") = "PLs", "PLs", "{FC5BC504-057C-4EC6-BFBD-BC09259F933D}"
EndProject
Project("{8BC9CEB8-8B4A-11D0-8D11-00A0C91BC942}") = "libpgport", "libpgport.vcxproj", "{22098EE5-2F81-41E2-B5A6-F2E8B09E6F16}"
EndProject
Project("{8BC9CEB8-8B4A-11D0-8D11-00A0C91BC942}") = "libpgcommon", "libpgcommon.vcxproj", "{49F00E03-D78A-4A89-AC1B-7412FFABF675}"
EndProject
Project("{8BC9CEB8-8B4A-11D0-8D11-00A0C91BC942}") = "libpgfeutils", "libpgfeutils.vcxproj", "{6322BB38-D215-4676-8B25-FA0DA324238B}"
EndProject
Project("{8BC9CEB8-8B4A-11D0-8D11-00A0C91BC942}") = "pg_regress_ecpg", "pg_regress_ecpg.vcxproj", "{9218B85C-6E3D-4D92-B4FB-0324DDF7E22A}"
EndProject
Project("{8BC9CEB8-8B4A-11D0-8D11-00A0C91BC942}") = "isolationtester", "isolationtester.vcxproj", "{C366AAE3-DCE5-4BAD-A4F2-AC7D91235188}"
EndProject
Project("{8BC9CEB8-8B4A-11D0-8D11-00A0C91BC942}") = "pg_isolation_regress", "pg_isolation_regress.vcxproj", "{32BB0AD2-3FAD-4DA8-92DB-C266A39B9B5B}"
EndProject
Project("{8BC9CEB8-8B4A-11D0-8D11-00A0C91BC942}") = "regress", "regress.vcxproj", "{9735A4A4-1BFE-486F-BD1F-1D5B0CBF5A96}"
EndProject
Project("{8BC9CEB8-8B4A-11D0-8D11-00A0C91BC942}") = "pg_regress", "pg_regress.vcxproj", "{0B9D0853-8EC4-45EE-BF2F-8F756F7E8CF8}"
EndProject
Project("{2150E333-8FDC-42A3-9474-1A3956D46DE8}") = "misc", "misc", "{119562EB-9827-427B-8266-3FF76F8951F3}"
EndProject
Project("{8BC9CEB8-8B4A-11D0-8D11-00A0C91BC942}") = "ascii_and_mic", "ascii_and_mic.vcxproj", "{8FE17D12-5D65-495C-ADFC-8CDEB72EF38E}"
EndProject
Project("{8BC9CEB8-8B4A-11D0-8D11-00A0C91BC942}") = "cyrillic_and_mic", "cyrillic_and_mic.vcxproj", "{A92E5C69-35BF-4138-A4E1-5F60924873E9}"
EndProject
Project("{8BC9CEB8-8B4A-11D0-8D11-00A0C91BC942}") = "euc_cn_and_mic", "euc_cn_and_mic.vcxproj", "{2F4D110A-0E52-4989-957B-D551BFB1843D}"
EndProject
Project("{8BC9CEB8-8B4A-11D0-8D11-00A0C91BC942}") = "euc_jp_and_sjis", "euc_jp_and_sjis.vcxproj", "{4648F14B-4007-4AF9-96C5-40B1FD97EF03}"
EndProject
Project("{8BC9CEB8-8B4A-11D0-8D11-00A0C91BC942}") = "euc_kr_and_mic", "euc_kr_and_mic.vcxproj", "{0608422E-E602-4518-8727-744FA8783233}"
EndProject
Project("{8BC9CEB8-8B4A-11D0-8D11-00A0C91BC942}") = "euc_tw_and_big5", "euc_tw_and_big5.vcxproj", "{84D3BFCC-2D59-4758-B71F-F2B9B16AA9E6}"
EndProject
Project("{8BC9CEB8-8B4A-11D0-8D11-00A0C91BC942}") = "latin2_and_win1250", "latin2_and_win1250.vcxproj", "{8587A83D-2DB5-46EE-AF9A-99E69626423B}"
EndProject
Project("{8BC9CEB8-8B4A-11D0-8D11-00A0C91BC942}") = "latin_and_mic", "latin_and_mic.vcxproj", "{7F35FE62-E190-48EA-A770-9E8FC1B1D3C3}"
EndProject
Project("{8BC9CEB8-8B4A-11D0-8D11-00A0C91BC942}") = "utf8_and_ascii", "utf8_and_ascii.vcxproj", "{113326C8-2172-41F4-997C-2B8131C31C3C}"
EndProject
Project("{8BC9CEB8-8B4A-11D0-8D11-00A0C91BC942}") = "utf8_and_big5", "utf8_and_big5.vcxproj", "{3F05E416-84D3-4244-A10B-862FEF8CCE3F}"
EndProject
Project("{8BC9CEB8-8B4A-11D0-8D11-00A0C91BC942}") = "utf8_and_cyrillic", "utf8_and_cyrillic.vcxproj", "{3EFA7D26-E0C5-43E3-9FF9-F9CBBC6E6080}"
EndProject
Project("{8BC9CEB8-8B4A-11D0-8D11-00A0C91BC942}") = "utf8_and_euc_cn", "utf8_and_euc_cn.vcxproj", "{B8386BEF-D23C-438A-A497-595244DC6401}"
EndProject
Project("{8BC9CEB8-8B4A-11D0-8D11-00A0C91BC942}") = "utf8_and_euc_jp", "utf8_and_euc_jp.vcxproj", "{CCEC61E9-EBEE-49C1-A128-447783399408}"
EndProject
Project("{8BC9CEB8-8B4A-11D0-8D11-00A0C91BC942}") = "utf8_and_euc_kr", "utf8_and_euc_kr.vcxproj", "{6E5258D2-30D0-4436-B84D-D911717B224E}"
EndProject
Project("{8BC9CEB8-8B4A-11D0-8D11-00A0C91BC942}") = "utf8_and_euc_tw", "utf8_and_euc_tw.vcxproj", "{09A2FB2B-3882-49CF-9F6D-601592B8B553}"
EndProject
Project("{8BC9CEB8-8B4A-11D0-8D11-00A0C91BC942}") = "utf8_and_gb18030", "utf8_and_gb18030.vcxproj", "{8DF82A9A-51B5-41EC-8CF6-853049338009}"
EndProject
Project("{8BC9CEB8-8B4A-11D0-8D11-00A0C91BC942}") = "utf8_and_gbk", "utf8_and_gbk.vcxproj", "{D852867D-3158-4225-9D52-FE5015D075F0}"
EndProject
Project("{8BC9CEB8-8B4A-11D0-8D11-00A0C91BC942}") = "utf8_and_iso8859", "utf8_and_iso8859.vcxproj", "{8B4F1796-2998-4394-84D3-FA65DF294D37}"
EndProject
Project("{8BC9CEB8-8B4A-11D0-8D11-00A0C91BC942}") = "utf8_and_iso8859_1", "utf8_and_iso8859_1.vcxproj", "{F518B00C-8EFA-4824-A63E-1CD0331DA31B}"
EndProject
Project("{8BC9CEB8-8B4A-11D0-8D11-00A0C91BC942}") = "utf8_and_johab", "utf8_and_johab.vcxproj", "{35FB70FB-1DEE-44CF-9161-51E1D4BF3C89}"
EndProject
Project("{8BC9CEB8-8B4A-11D0-8D11-00A0C91BC942}") = "utf8_and_sjis", "utf8_and_sjis.vcxproj", "{EF5EC3AD-108F-4C1E-A054-A9301CA0D4CF}"
EndProject
Project("{8BC9CEB8-8B4A-11D0-8D11-00A0C91BC942}") = "utf8_and_win", "utf8_and_win.vcxproj", "{D4B8CC1F-A331-4358-9ADA-C10232818B43}"
EndProject
Project("{8BC9CEB8-8B4A-11D0-8D11-00A0C91BC942}") = "utf8_and_uhc", "utf8_and_uhc.vcxproj", "{C1AA0B48-14FD-4987-8F36-6F614B797624}"
EndProject
Project("{8BC9CEB8-8B4A-11D0-8D11-00A0C91BC942}") = "utf8_and_euc2004", "utf8_and_euc2004.vcxproj", "{80DBC60C-D4BA-44B1-A343-A458EF870390}"
EndProject
Project("{8BC9CEB8-8B4A-11D0-8D11-00A0C91BC942}") = "utf8_and_sjis2004", "utf8_and_sjis2004.vcxproj", "{F6BA5AFC-CB32-4D8D-99F4-1FC65C050A89}"
EndProject
Project("{8BC9CEB8-8B4A-11D0-8D11-00A0C91BC942}") = "euc2004_sjis2004", "euc2004_sjis2004.vcxproj", "{294A99A6-B41C-4A1B-A5B3-1EF5CAA848CE}"
EndProject
Project("{2150E333-8FDC-42A3-9474-1A3956D46DE8}") = "conversion procs", "conversion procs", "{23A0B3CC-9B5F-4146-B3F5-A50788C238BD}"
EndProject
Project("{8BC9CEB8-8B4A-11D0-8D11-00A0C91BC942}") = "initdb", "initdb.vcxproj", "{96EF961C-5871-4C18-9AE7-C360118A52B0}"
EndProject
Project("{8BC9CEB8-8B4A-11D0-8D11-00A0C91BC942}") = "pgbench", "pgbench.vcxproj", "{04356200-F9C9-4F43-BB4C-89F8F1056B31}"
EndProject
Project("{8BC9CEB8-8B4A-11D0-8D11-00A0C91BC942}") = "pg_archivecleanup", "pg_archivecleanup.vcxproj", "{BBC28A91-B5E9-45AC-BE08-05EFC427A20B}"
EndProject
Project("{8BC9CEB8-8B4A-11D0-8D11-00A0C91BC942}") = "pg_config", "pg_config.vcxproj", "{74B7A859-3869-4265-B525-5D4622DFDD65}"
EndProject
Project("{8BC9CEB8-8B4A-11D0-8D11-00A0C91BC942}") = "pg_controldata", "pg_controldata.vcxproj", "{2EF5E379-766F-49AE-ADB3-5DDA213A6B01}"
EndProject
Project("{8BC9CEB8-8B4A-11D0-8D11-00A0C91BC942}") = "pg_ctl", "pg_ctl.vcxproj", "{D6104497-CF38-4AD5-B2C3-45B5C3FC102A}"
EndProject
Project("{8BC9CEB8-8B4A-11D0-8D11-00A0C91BC942}") = "pg_resetwal", "pg_resetwal.vcxproj", "{A6AD6F22-0ADA-4667-A435-F33D5F7F0D6D}"
EndProject
Project("{8BC9CEB8-8B4A-11D0-8D11-00A0C91BC942}") = "pg_test_fsync", "pg_test_fsync.vcxproj", "{F9583569-3541-41A4-AD82-FF003CF89742}"
EndProject
Project("{8BC9CEB8-8B4A-11D0-8D11-00A0C91BC942}") = "pg_test_timing", "pg_test_timing.vcxproj", "{A79F7B21-98A2-4265-AFC8-DEE882A9D27E}"
EndProject
Project("{8BC9CEB8-8B4A-11D0-8D11-00A0C91BC942}") = "pg_upgrade", "pg_upgrade.vcxproj", "{0C8C435D-0D99-473D-9490-250B3AC14A63}"
EndProject
Project("{8BC9CEB8-8B4A-11D0-8D11-00A0C91BC942}") = "psql", "psql.vcxproj", "{B436775D-B294-45F7-8C23-DA62FE970CA3}"
EndProject
Project("{8BC9CEB8-8B4A-11D0-8D11-00A0C91BC942}") = "pg_basebackup", "pg_basebackup.vcxproj", "{23FF94A6-6ED8-4C23-BA5B-0D58B6A29D29}"
EndProject
Project("{8BC9CEB8-8B4A-11D0-8D11-00A0C91BC942}") = "pg_receivewal", "pg_receivewal.vcxproj", "{4B44D0D3-912B-4428-9B47-4573D9CDB53F}"
EndProject
Project("{8BC9CEB8-8B4A-11D0-8D11-00A0C91BC942}") = "pg_recvlogical", "pg_recvlogical.vcxproj", "{C8AC4F41-02BD-4FA2-88E8-BE57023F1B13}"
EndProject
Project("{8BC9CEB8-8B4A-11D0-8D11-00A0C91BC942}") = "pg_rewind", "pg_rewind.vcxproj", "{8A3B6B6B-F9FA-4575-93AC-E525E31D6053}"
EndProject
Project("{8BC9CEB8-8B4A-11D0-8D11-00A0C91BC942}") = "pgevent", "pgevent.vcxproj", "{A437F018-1AF0-4C0E-8CA5-48A4744B31CA}"
EndProject
Project("{8BC9CEB8-8B4A-11D0-8D11-00A0C91BC942}") = "pg_dump", "pg_dump.vcxproj", "{FD0D62A8-DC40-4098-811B-6BC46A074588}"
EndProject
Project("{8BC9CEB8-8B4A-11D0-8D11-00A0C91BC942}") = "pg_dumpall", "pg_dumpall.vcxproj", "{ED23EE75-2E16-40F9-B7D8-871516B6433A}"
EndProject
Project("{8BC9CEB8-8B4A-11D0-8D11-00A0C91BC942}") = "pg_restore", "pg_restore.vcxproj", "{3998032B-453E-4D6B-9E57-3966216D84D6}"
EndProject
Project("{8BC9CEB8-8B4A-11D0-8D11-00A0C91BC942}") = "createdb", "createdb.vcxproj", "{E5DA518A-FC63-4EC2-ACD0-F423F8A947EC}"
EndProject
Project("{8BC9CEB8-8B4A-11D0-8D11-00A0C91BC942}") = "createuser", "createuser.vcxproj", "{C0E998DF-A60A-4289-A5DB-903E6710F9CF}"
EndProject
Project("{8BC9CEB8-8B4A-11D0-8D11-00A0C91BC942}") = "dropdb", "dropdb.vcxproj", "{B96A16CB-C707-429A-8EAE-A47A41D62374}"
EndProject
Project("{8BC9CEB8-8B4A-11D0-8D11-00A0C91BC942}") = "dropuser", "dropuser.vcxproj", "{334B19A2-A0DD-4FCF-9707-17979690858D}"
EndProject
Project("{8BC9CEB8-8B4A-11D0-8D11-00A0C91BC942}") = "clusterdb", "clusterdb.vcxproj", "{4FC5D7A4-43F1-477E-BB98-0836F02B30A9}"
EndProject
Project("{8BC9CEB8-8B4A-11D0-8D11-00A0C91BC942}") = "vacuumdb", "vacuumdb.vcxproj", "{933C5A4C-1E78-473B-B845-DA045265B873}"
EndProject
Project("{8BC9CEB8-8B4A-11D0-8D11-00A0C91BC942}") = "reindexdb", "reindexdb.vcxproj", "{FB596336-F85C-47F7-9AA2-B01F8466A07E}"
EndProject
Project("{8BC9CEB8-8B4A-11D0-8D11-00A0C91BC942}") = "pg_isready", "pg_isready.vcxproj", "{C7349BC8-7943-4FAA-AAF3-E522FA28BCAE}"
EndProject
Project("{8BC9CEB8-8B4A-11D0-8D11-00A0C91BC942}") = "pg_waldump", "pg_waldump.vcxproj", "{1F2BA7B9-BF08-4E72-86F6-60FEB0A3C593}"
EndProject
Project("{2150E333-8FDC-42A3-9474-1A3956D46DE8}") = "bin", "bin", "{C351282F-4610-4AC2-A717-84578469E501}"
EndProject
Project("{8BC9CEB8-8B4A-11D0-8D11-00A0C91BC942}") = "pgcrypto", "pgcrypto.vcxproj", "{68BD9FF9-77C8-4BCF-A554-517BC234A4A4}"
EndProject
Project("{2150E333-8FDC-42A3-9474-1A3956D46DE8}") = "crypto", "crypto", "{30DAB41D-EF65-42AC-956C-33CD566584CF}"
EndProject
Global
	GlobalSection(SolutionConfigurationPlatforms) = preSolution
		Debug|x64= Debug|x64
		Release|x64 = Release|x64
	EndGlobalSection
	GlobalSection(ProjectConfigurationPlatforms) = postSolution
		{79ACB76F-F87A-4DED-92C2-39051078E32D}.Debug|x64.ActiveCfg = Debug|x64
		{79ACB76F-F87A-4DED-92C2-39051078E32D}.Debug|x64.Build.0  = Debug|x64
		{79ACB76F-F87A-4DED-92C2-39051078E32D}.Release|x64.ActiveCfg = Release|x64
		{79ACB76F-F87A-4DED-92C2-39051078E32D}.Release|x64.Build.0 = Release|x64
		{7686D7AE-08F5-4550-8652-249A4918965C}.Debug|x64.ActiveCfg = Debug|x64
		{7686D7AE-08F5-4550-8652-249A4918965C}.Debug|x64.Build.0  = Debug|x64
		{7686D7AE-08F5-4550-8652-249A4918965C}.Release|x64.ActiveCfg = Release|x64
		{7686D7AE-08F5-4550-8652-249A4918965C}.Release|x64.Build.0 = Release|x64
		{919BB27D-06E6-4A07-B388-47A49032DEBD}.Debug|x64.ActiveCfg = Debug|x64
		{919BB27D-06E6-4A07-B388-47A49032DEBD}.Debug|x64.Build.0  = Debug|x64
		{919BB27D-06E6-4A07-B388-47A49032DEBD}.Release|x64.ActiveCfg = Release|x64
		{919BB27D-06E6-4A07-B388-47A49032DEBD}.Release|x64.Build.0 = Release|x64
		{8B3226FD-C3D0-4E8C-A5E6-697178194543}.Debug|x64.ActiveCfg = Debug|x64
		{8B3226FD-C3D0-4E8C-A5E6-697178194543}.Debug|x64.Build.0  = Debug|x64
		{8B3226FD-C3D0-4E8C-A5E6-697178194543}.Release|x64.ActiveCfg = Release|x64
		{8B3226FD-C3D0-4E8C-A5E6-697178194543}.Release|x64.Build.0 = Release|x64
		{70803461-CFAB-4282-8334-2B6338C994E7}.Debug|x64.ActiveCfg = Debug|x64
		{70803461-CFAB-4282-8334-2B6338C994E7}.Debug|x64.Build.0  = Debug|x64
		{70803461-CFAB-4282-8334-2B6338C994E7}.Release|x64.ActiveCfg = Release|x64
		{70803461-CFAB-4282-8334-2B6338C994E7}.Release|x64.Build.0 = Release|x64
		{E7F73E5A-85EA-4561-8B4B-858F81CF3E65}.Debug|x64.ActiveCfg = Debug|x64
		{E7F73E5A-85EA-4561-8B4B-858F81CF3E65}.Debug|x64.Build.0  = Debug|x64
		{E7F73E5A-85EA-4561-8B4B-858F81CF3E65}.Release|x64.ActiveCfg = Release|x64
		{E7F73E5A-85EA-4561-8B4B-858F81CF3E65}.Release|x64.Build.0 = Release|x64
		{18877326-083F-4E00-914B-705292DBB697}.Debug|x64.ActiveCfg = Debug|x64
		{18877326-083F-4E00-914B-705292DBB697}.Debug|x64.Build.0  = Debug|x64
		{18877326-083F-4E00-914B-705292DBB697}.Release|x64.ActiveCfg = Release|x64
		{18877326-083F-4E00-914B-705292DBB697}.Release|x64.Build.0 = Release|x64
		{6A34D7B6-25EC-484C-8553-E8120CF289B4}.Debug|x64.ActiveCfg = Debug|x64
		{6A34D7B6-25EC-484C-8553-E8120CF289B4}.Debug|x64.Build.0  = Debug|x64
		{6A34D7B6-25EC-484C-8553-E8120CF289B4}.Release|x64.ActiveCfg = Release|x64
		{6A34D7B6-25EC-484C-8553-E8120CF289B4}.Release|x64.Build.0 = Release|x64
		{EF2A3076-716B-42DD-9288-216D52C0AC53}.Debug|x64.ActiveCfg = Debug|x64
		{EF2A3076-716B-42DD-9288-216D52C0AC53}.Debug|x64.Build.0  = Debug|x64
		{EF2A3076-716B-42DD-9288-216D52C0AC53}.Release|x64.ActiveCfg = Release|x64
		{EF2A3076-716B-42DD-9288-216D52C0AC53}.Release|x64.Build.0 = Release|x64
		{678B77BC-F6FD-444B-A0CF-3BDB1C29C2AA}.Debug|x64.ActiveCfg = Debug|x64
		{678B77BC-F6FD-444B-A0CF-3BDB1C29C2AA}.Debug|x64.Build.0  = Debug|x64
		{678B77BC-F6FD-444B-A0CF-3BDB1C29C2AA}.Release|x64.ActiveCfg = Release|x64
		{678B77BC-F6FD-444B-A0CF-3BDB1C29C2AA}.Release|x64.Build.0 = Release|x64
		{3946F5B1-5EF8-4D5D-A91D-D7A58F20A5ED}.Debug|x64.ActiveCfg = Debug|x64
		{3946F5B1-5EF8-4D5D-A91D-D7A58F20A5ED}.Debug|x64.Build.0  = Debug|x64
		{3946F5B1-5EF8-4D5D-A91D-D7A58F20A5ED}.Release|x64.ActiveCfg = Release|x64
		{3946F5B1-5EF8-4D5D-A91D-D7A58F20A5ED}.Release|x64.Build.0 = Release|x64
		{A6FD5D2A-65F2-4DB3-B407-7012FEE0405E}.Debug|x64.ActiveCfg = Debug|x64
		{A6FD5D2A-65F2-4DB3-B407-7012FEE0405E}.Debug|x64.Build.0  = Debug|x64
		{A6FD5D2A-65F2-4DB3-B407-7012FEE0405E}.Release|x64.ActiveCfg = Release|x64
		{A6FD5D2A-65F2-4DB3-B407-7012FEE0405E}.Release|x64.Build.0 = Release|x64
		{ADB0F9B1-D0F0-408E-BC67-9DB3E85097F5}.Debug|x64.ActiveCfg = Debug|x64
		{ADB0F9B1-D0F0-408E-BC67-9DB3E85097F5}.Debug|x64.Build.0  = Debug|x64
		{ADB0F9B1-D0F0-408E-BC67-9DB3E85097F5}.Release|x64.ActiveCfg = Release|x64
		{ADB0F9B1-D0F0-408E-BC67-9DB3E85097F5}.Release|x64.Build.0 = Release|x64
		{7E2A429C-FD66-4B47-B8C9-9F405DE9074C}.Debug|x64.ActiveCfg = Debug|x64
		{7E2A429C-FD66-4B47-B8C9-9F405DE9074C}.Debug|x64.Build.0  = Debug|x64
		{7E2A429C-FD66-4B47-B8C9-9F405DE9074C}.Release|x64.ActiveCfg = Release|x64
		{7E2A429C-FD66-4B47-B8C9-9F405DE9074C}.Release|x64.Build.0 = Release|x64
		{B1F0A96F-5F61-4DD4-90E7-38DF9838DDA5}.Debug|x64.ActiveCfg = Debug|x64
		{B1F0A96F-5F61-4DD4-90E7-38DF9838DDA5}.Debug|x64.Build.0  = Debug|x64
		{B1F0A96F-5F61-4DD4-90E7-38DF9838DDA5}.Release|x64.ActiveCfg = Release|x64
		{B1F0A96F-5F61-4DD4-90E7-38DF9838DDA5}.Release|x64.Build.0 = Release|x64
		{54CC6655-FAE4-46A7-9848-6D028F7FCFB4}.Debug|x64.ActiveCfg = Debug|x64
		{54CC6655-FAE4-46A7-9848-6D028F7FCFB4}.Debug|x64.Build.0  = Debug|x64
		{54CC6655-FAE4-46A7-9848-6D028F7FCFB4}.Release|x64.ActiveCfg = Release|x64
		{54CC6655-FAE4-46A7-9848-6D028F7FCFB4}.Release|x64.Build.0 = Release|x64
		{44862BDE-4F5D-4D38-AB20-6C35526025F4}.Debug|x64.ActiveCfg = Debug|x64
		{44862BDE-4F5D-4D38-AB20-6C35526025F4}.Debug|x64.Build.0  = Debug|x64
		{44862BDE-4F5D-4D38-AB20-6C35526025F4}.Release|x64.ActiveCfg = Release|x64
		{44862BDE-4F5D-4D38-AB20-6C35526025F4}.Release|x64.Build.0 = Release|x64
		{81E8EC9F-5E95-4DF2-AD24-AE8136F0A9DF}.Debug|x64.ActiveCfg = Debug|x64
		{81E8EC9F-5E95-4DF2-AD24-AE8136F0A9DF}.Debug|x64.Build.0  = Debug|x64
		{81E8EC9F-5E95-4DF2-AD24-AE8136F0A9DF}.Release|x64.ActiveCfg = Release|x64
		{81E8EC9F-5E95-4DF2-AD24-AE8136F0A9DF}.Release|x64.Build.0 = Release|x64
		{3B839374-4795-4496-AA82-B73B84DADDA4}.Debug|x64.ActiveCfg = Debug|x64
		{3B839374-4795-4496-AA82-B73B84DADDA4}.Debug|x64.Build.0  = Debug|x64
		{3B839374-4795-4496-AA82-B73B84DADDA4}.Release|x64.ActiveCfg = Release|x64
		{3B839374-4795-4496-AA82-B73B84DADDA4}.Release|x64.Build.0 = Release|x64
		{E81C304E-4D4D-4A15-92BA-75EF5112BD8E}.Debug|x64.ActiveCfg = Debug|x64
		{E81C304E-4D4D-4A15-92BA-75EF5112BD8E}.Debug|x64.Build.0  = Debug|x64
		{E81C304E-4D4D-4A15-92BA-75EF5112BD8E}.Release|x64.ActiveCfg = Release|x64
		{E81C304E-4D4D-4A15-92BA-75EF5112BD8E}.Release|x64.Build.0 = Release|x64
		{5A361CD4-062F-4CAF-AD93-6BAB0718529C}.Debug|x64.ActiveCfg = Debug|x64
		{5A361CD4-062F-4CAF-AD93-6BAB0718529C}.Debug|x64.Build.0  = Debug|x64
		{5A361CD4-062F-4CAF-AD93-6BAB0718529C}.Release|x64.ActiveCfg = Release|x64
		{5A361CD4-062F-4CAF-AD93-6BAB0718529C}.Release|x64.Build.0 = Release|x64
		{B0F76896-5462-45C0-BE2A-37BBE7166161}.Debug|x64.ActiveCfg = Debug|x64
		{B0F76896-5462-45C0-BE2A-37BBE7166161}.Debug|x64.Build.0  = Debug|x64
		{B0F76896-5462-45C0-BE2A-37BBE7166161}.Release|x64.ActiveCfg = Release|x64
		{B0F76896-5462-45C0-BE2A-37BBE7166161}.Release|x64.Build.0 = Release|x64
		{AF967DA5-47AA-4969-B9D1-79898DE6BEF4}.Debug|x64.ActiveCfg = Debug|x64
		{AF967DA5-47AA-4969-B9D1-79898DE6BEF4}.Debug|x64.Build.0  = Debug|x64
		{AF967DA5-47AA-4969-B9D1-79898DE6BEF4}.Release|x64.ActiveCfg = Release|x64
		{AF967DA5-47AA-4969-B9D1-79898DE6BEF4}.Release|x64.Build.0 = Release|x64
		{D727C5A3-A6ED-4D28-A6BA-01B9661FADDC}.Debug|x64.ActiveCfg = Debug|x64
		{D727C5A3-A6ED-4D28-A6BA-01B9661FADDC}.Debug|x64.Build.0  = Debug|x64
		{D727C5A3-A6ED-4D28-A6BA-01B9661FADDC}.Release|x64.ActiveCfg = Release|x64
		{D727C5A3-A6ED-4D28-A6BA-01B9661FADDC}.Release|x64.Build.0 = Release|x64
		{C0C6AAFB-D36C-4F39-ABE7-8C7010D43BA4}.Debug|x64.ActiveCfg = Debug|x64
		{C0C6AAFB-D36C-4F39-ABE7-8C7010D43BA4}.Debug|x64.Build.0  = Debug|x64
		{C0C6AAFB-D36C-4F39-ABE7-8C7010D43BA4}.Release|x64.ActiveCfg = Release|x64
		{C0C6AAFB-D36C-4F39-ABE7-8C7010D43BA4}.Release|x64.Build.0 = Release|x64
		{87CC372B-3B7E-48D0-8527-D799A2E9E345}.Debug|x64.ActiveCfg = Debug|x64
		{87CC372B-3B7E-48D0-8527-D799A2E9E345}.Debug|x64.Build.0  = Debug|x64
		{87CC372B-3B7E-48D0-8527-D799A2E9E345}.Release|x64.ActiveCfg = Release|x64
		{87CC372B-3B7E-48D0-8527-D799A2E9E345}.Release|x64.Build.0 = Release|x64
		{ADC6A5E6-CCE8-441D-BD90-EAC433DC7206}.Debug|x64.ActiveCfg = Debug|x64
		{ADC6A5E6-CCE8-441D-BD90-EAC433DC7206}.Debug|x64.Build.0  = Debug|x64
		{ADC6A5E6-CCE8-441D-BD90-EAC433DC7206}.Release|x64.ActiveCfg = Release|x64
		{ADC6A5E6-CCE8-441D-BD90-EAC433DC7206}.Release|x64.Build.0 = Release|x64
		{C5DE77AD-EEC9-47B6-9E28-FF847DAD0336}.Debug|x64.ActiveCfg = Debug|x64
		{C5DE77AD-EEC9-47B6-9E28-FF847DAD0336}.Debug|x64.Build.0  = Debug|x64
		{C5DE77AD-EEC9-47B6-9E28-FF847DAD0336}.Release|x64.ActiveCfg = Release|x64
		{C5DE77AD-EEC9-47B6-9E28-FF847DAD0336}.Release|x64.Build.0 = Release|x64
		{81949030-666B-48E2-9C31-7FFA18583A41}.Debug|x64.ActiveCfg = Debug|x64
		{81949030-666B-48E2-9C31-7FFA18583A41}.Debug|x64.Build.0  = Debug|x64
		{81949030-666B-48E2-9C31-7FFA18583A41}.Release|x64.ActiveCfg = Release|x64
		{81949030-666B-48E2-9C31-7FFA18583A41}.Release|x64.Build.0 = Release|x64
		{9BCD4224-C4E9-442B-9F16-1981DDDEBE91}.Debug|x64.ActiveCfg = Debug|x64
		{9BCD4224-C4E9-442B-9F16-1981DDDEBE91}.Debug|x64.Build.0  = Debug|x64
		{9BCD4224-C4E9-442B-9F16-1981DDDEBE91}.Release|x64.ActiveCfg = Release|x64
		{9BCD4224-C4E9-442B-9F16-1981DDDEBE91}.Release|x64.Build.0 = Release|x64
		{4127B951-0AD9-4357-AB2A-003E437C5A0C}.Debug|x64.ActiveCfg = Debug|x64
		{4127B951-0AD9-4357-AB2A-003E437C5A0C}.Debug|x64.Build.0  = Debug|x64
		{4127B951-0AD9-4357-AB2A-003E437C5A0C}.Release|x64.ActiveCfg = Release|x64
		{4127B951-0AD9-4357-AB2A-003E437C5A0C}.Release|x64.Build.0 = Release|x64
		{8211957E-982E-472D-BAD7-BEDB38CEC233}.Debug|x64.ActiveCfg = Debug|x64
		{8211957E-982E-472D-BAD7-BEDB38CEC233}.Debug|x64.Build.0  = Debug|x64
		{8211957E-982E-472D-BAD7-BEDB38CEC233}.Release|x64.ActiveCfg = Release|x64
		{8211957E-982E-472D-BAD7-BEDB38CEC233}.Release|x64.Build.0 = Release|x64
		{8ABF2A19-FA51-487D-A90A-C41A8AFB873D}.Debug|x64.ActiveCfg = Debug|x64
		{8ABF2A19-FA51-487D-A90A-C41A8AFB873D}.Debug|x64.Build.0  = Debug|x64
		{8ABF2A19-FA51-487D-A90A-C41A8AFB873D}.Release|x64.ActiveCfg = Release|x64
		{8ABF2A19-FA51-487D-A90A-C41A8AFB873D}.Release|x64.Build.0 = Release|x64
		{D748487C-54F9-45A6-A1DB-8F3861935668}.Debug|x64.ActiveCfg = Debug|x64
		{D748487C-54F9-45A6-A1DB-8F3861935668}.Debug|x64.Build.0  = Debug|x64
		{D748487C-54F9-45A6-A1DB-8F3861935668}.Release|x64.ActiveCfg = Release|x64
		{D748487C-54F9-45A6-A1DB-8F3861935668}.Release|x64.Build.0 = Release|x64
		{EACFA505-37D0-4F61-BB66-32A3DD65205D}.Debug|x64.ActiveCfg = Debug|x64
		{EACFA505-37D0-4F61-BB66-32A3DD65205D}.Debug|x64.Build.0  = Debug|x64
		{EACFA505-37D0-4F61-BB66-32A3DD65205D}.Release|x64.ActiveCfg = Release|x64
		{EACFA505-37D0-4F61-BB66-32A3DD65205D}.Release|x64.Build.0 = Release|x64
		{7827F1C3-7289-4497-A1A5-BD2A67EEFF5A}.Debug|x64.ActiveCfg = Debug|x64
		{7827F1C3-7289-4497-A1A5-BD2A67EEFF5A}.Debug|x64.Build.0  = Debug|x64
		{7827F1C3-7289-4497-A1A5-BD2A67EEFF5A}.Release|x64.ActiveCfg = Release|x64
		{7827F1C3-7289-4497-A1A5-BD2A67EEFF5A}.Release|x64.Build.0 = Release|x64
		{66F2266E-643C-49DB-B36C-C8E48B41CFDE}.Debug|x64.ActiveCfg = Debug|x64
		{66F2266E-643C-49DB-B36C-C8E48B41CFDE}.Debug|x64.Build.0  = Debug|x64
		{66F2266E-643C-49DB-B36C-C8E48B41CFDE}.Release|x64.ActiveCfg = Release|x64
		{66F2266E-643C-49DB-B36C-C8E48B41CFDE}.Release|x64.Build.0 = Release|x64
		{3696F160-8E60-47A6-B803-45A8FD0CB607}.Debug|x64.ActiveCfg = Debug|x64
		{3696F160-8E60-47A6-B803-45A8FD0CB607}.Debug|x64.Build.0  = Debug|x64
		{3696F160-8E60-47A6-B803-45A8FD0CB607}.Release|x64.ActiveCfg = Release|x64
		{3696F160-8E60-47A6-B803-45A8FD0CB607}.Release|x64.Build.0 = Release|x64
		{BE2C30B9-C52E-47A9-875D-52A65CB90CAF}.Debug|x64.ActiveCfg = Debug|x64
		{BE2C30B9-C52E-47A9-875D-52A65CB90CAF}.Debug|x64.Build.0  = Debug|x64
		{BE2C30B9-C52E-47A9-875D-52A65CB90CAF}.Release|x64.ActiveCfg = Release|x64
		{BE2C30B9-C52E-47A9-875D-52A65CB90CAF}.Release|x64.Build.0 = Release|x64
		{E3FDD3BB-2AC6-4042-9573-E07F21AD39CB}.Debug|x64.ActiveCfg = Debug|x64
		{E3FDD3BB-2AC6-4042-9573-E07F21AD39CB}.Debug|x64.Build.0  = Debug|x64
		{E3FDD3BB-2AC6-4042-9573-E07F21AD39CB}.Release|x64.ActiveCfg = Release|x64
		{E3FDD3BB-2AC6-4042-9573-E07F21AD39CB}.Release|x64.Build.0 = Release|x64
		{46DA5FB6-59DF-4B57-A4D5-1FD9E5DA42A4}.Debug|x64.ActiveCfg = Debug|x64
		{46DA5FB6-59DF-4B57-A4D5-1FD9E5DA42A4}.Debug|x64.Build.0  = Debug|x64
		{46DA5FB6-59DF-4B57-A4D5-1FD9E5DA42A4}.Release|x64.ActiveCfg = Release|x64
		{46DA5FB6-59DF-4B57-A4D5-1FD9E5DA42A4}.Release|x64.Build.0 = Release|x64
		{F7B2F787-86A8-4FED-BC58-E41D99DA1D45}.Debug|x64.ActiveCfg = Debug|x64
		{F7B2F787-86A8-4FED-BC58-E41D99DA1D45}.Debug|x64.Build.0  = Debug|x64
		{F7B2F787-86A8-4FED-BC58-E41D99DA1D45}.Release|x64.ActiveCfg = Release|x64
		{F7B2F787-86A8-4FED-BC58-E41D99DA1D45}.Release|x64.Build.0 = Release|x64
		{9FE11A56-8046-4CED-BD07-06380E0BE485}.Debug|x64.ActiveCfg = Debug|x64
		{9FE11A56-8046-4CED-BD07-06380E0BE485}.Debug|x64.Build.0  = Debug|x64
		{9FE11A56-8046-4CED-BD07-06380E0BE485}.Release|x64.ActiveCfg = Release|x64
		{9FE11A56-8046-4CED-BD07-06380E0BE485}.Release|x64.Build.0 = Release|x64
		{1CB103F3-BDD4-4623-A961-F3DB3BD7FBA3}.Debug|x64.ActiveCfg = Debug|x64
		{1CB103F3-BDD4-4623-A961-F3DB3BD7FBA3}.Debug|x64.Build.0  = Debug|x64
		{1CB103F3-BDD4-4623-A961-F3DB3BD7FBA3}.Release|x64.ActiveCfg = Release|x64
		{1CB103F3-BDD4-4623-A961-F3DB3BD7FBA3}.Release|x64.Build.0 = Release|x64
		{1367F52B-B638-46FB-9E41-2A6010DA58A1}.Debug|x64.ActiveCfg = Debug|x64
		{1367F52B-B638-46FB-9E41-2A6010DA58A1}.Debug|x64.Build.0  = Debug|x64
		{1367F52B-B638-46FB-9E41-2A6010DA58A1}.Release|x64.ActiveCfg = Release|x64
		{1367F52B-B638-46FB-9E41-2A6010DA58A1}.Release|x64.Build.0 = Release|x64
		{C792ECBE-85E8-420F-961E-4284E9FC3841}.Debug|x64.ActiveCfg = Debug|x64
		{C792ECBE-85E8-420F-961E-4284E9FC3841}.Debug|x64.Build.0  = Debug|x64
		{C792ECBE-85E8-420F-961E-4284E9FC3841}.Release|x64.ActiveCfg = Release|x64
		{C792ECBE-85E8-420F-961E-4284E9FC3841}.Release|x64.Build.0 = Release|x64
		{31E37EEC-865D-43E9-88A8-0162D98146D7}.Debug|x64.ActiveCfg = Debug|x64
		{31E37EEC-865D-43E9-88A8-0162D98146D7}.Debug|x64.Build.0  = Debug|x64
		{31E37EEC-865D-43E9-88A8-0162D98146D7}.Release|x64.ActiveCfg = Release|x64
		{31E37EEC-865D-43E9-88A8-0162D98146D7}.Release|x64.Build.0 = Release|x64
		{D827054B-1C4C-4ADF-8B4B-236018F1491C}.Debug|x64.ActiveCfg = Debug|x64
		{D827054B-1C4C-4ADF-8B4B-236018F1491C}.Debug|x64.Build.0  = Debug|x64
		{D827054B-1C4C-4ADF-8B4B-236018F1491C}.Release|x64.ActiveCfg = Release|x64
		{D827054B-1C4C-4ADF-8B4B-236018F1491C}.Release|x64.Build.0 = Release|x64
		{EB3D55A4-9534-4E7F-BA53-1AB60C9BE733}.Debug|x64.ActiveCfg = Debug|x64
		{EB3D55A4-9534-4E7F-BA53-1AB60C9BE733}.Debug|x64.Build.0  = Debug|x64
		{EB3D55A4-9534-4E7F-BA53-1AB60C9BE733}.Release|x64.ActiveCfg = Release|x64
		{EB3D55A4-9534-4E7F-BA53-1AB60C9BE733}.Release|x64.Build.0 = Release|x64
		{8CCE9BE5-AD39-4DBE-BB4C-CCAD2B30820E}.Debug|x64.ActiveCfg = Debug|x64
		{8CCE9BE5-AD39-4DBE-BB4C-CCAD2B30820E}.Debug|x64.Build.0  = Debug|x64
		{8CCE9BE5-AD39-4DBE-BB4C-CCAD2B30820E}.Release|x64.ActiveCfg = Release|x64
		{8CCE9BE5-AD39-4DBE-BB4C-CCAD2B30820E}.Release|x64.Build.0 = Release|x64
		{C7AA5AAA-1524-4E7D-B06F-4ACBD8F721BE}.Debug|x64.ActiveCfg = Debug|x64
		{C7AA5AAA-1524-4E7D-B06F-4ACBD8F721BE}.Debug|x64.Build.0  = Debug|x64
		{C7AA5AAA-1524-4E7D-B06F-4ACBD8F721BE}.Release|x64.ActiveCfg = Release|x64
		{C7AA5AAA-1524-4E7D-B06F-4ACBD8F721BE}.Release|x64.Build.0 = Release|x64
		{8A17CF43-DAEF-425D-AE80-BE031CF6E2D8}.Debug|x64.ActiveCfg = Debug|x64
		{8A17CF43-DAEF-425D-AE80-BE031CF6E2D8}.Debug|x64.Build.0  = Debug|x64
		{8A17CF43-DAEF-425D-AE80-BE031CF6E2D8}.Release|x64.ActiveCfg = Release|x64
		{8A17CF43-DAEF-425D-AE80-BE031CF6E2D8}.Release|x64.Build.0 = Release|x64
		{3FEFC72A-2852-4207-9E94-6C06162D8F57}.Debug|x64.ActiveCfg = Debug|x64
		{3FEFC72A-2852-4207-9E94-6C06162D8F57}.Debug|x64.Build.0  = Debug|x64
		{3FEFC72A-2852-4207-9E94-6C06162D8F57}.Release|x64.ActiveCfg = Release|x64
		{3FEFC72A-2852-4207-9E94-6C06162D8F57}.Release|x64.Build.0 = Release|x64
		{0B6AFB94-58E0-4C33-826D-C6F3D215492D}.Debug|x64.ActiveCfg = Debug|x64
		{0B6AFB94-58E0-4C33-826D-C6F3D215492D}.Debug|x64.Build.0  = Debug|x64
		{0B6AFB94-58E0-4C33-826D-C6F3D215492D}.Release|x64.ActiveCfg = Release|x64
		{0B6AFB94-58E0-4C33-826D-C6F3D215492D}.Release|x64.Build.0 = Release|x64
		{6A91CFB9-0E90-4254-8A46-DE137BDAF90A}.Debug|x64.ActiveCfg = Debug|x64
		{6A91CFB9-0E90-4254-8A46-DE137BDAF90A}.Debug|x64.Build.0  = Debug|x64
		{6A91CFB9-0E90-4254-8A46-DE137BDAF90A}.Release|x64.ActiveCfg = Release|x64
		{6A91CFB9-0E90-4254-8A46-DE137BDAF90A}.Release|x64.Build.0 = Release|x64
		{712C612A-A8EC-41BE-8C8B-F68F6D6142AB}.Debug|x64.ActiveCfg = Debug|x64
		{712C612A-A8EC-41BE-8C8B-F68F6D6142AB}.Debug|x64.Build.0  = Debug|x64
		{712C612A-A8EC-41BE-8C8B-F68F6D6142AB}.Release|x64.ActiveCfg = Release|x64
		{712C612A-A8EC-41BE-8C8B-F68F6D6142AB}.Release|x64.Build.0 = Release|x64
		{068AA035-0D68-4431-AD31-F87C6148C145}.Debug|x64.ActiveCfg = Debug|x64
		{068AA035-0D68-4431-AD31-F87C6148C145}.Debug|x64.Build.0  = Debug|x64
		{068AA035-0D68-4431-AD31-F87C6148C145}.Release|x64.ActiveCfg = Release|x64
		{068AA035-0D68-4431-AD31-F87C6148C145}.Release|x64.Build.0 = Release|x64
		{F41E6579-BBDE-4061-AAA4-2B3E3E616182}.Debug|x64.ActiveCfg = Debug|x64
		{F41E6579-BBDE-4061-AAA4-2B3E3E616182}.Debug|x64.Build.0  = Debug|x64
		{F41E6579-BBDE-4061-AAA4-2B3E3E616182}.Release|x64.ActiveCfg = Release|x64
		{F41E6579-BBDE-4061-AAA4-2B3E3E616182}.Release|x64.Build.0 = Release|x64
		{D4D72E6B-3844-495C-9409-A88F2ED7554F}.Debug|x64.ActiveCfg = Debug|x64
		{D4D72E6B-3844-495C-9409-A88F2ED7554F}.Debug|x64.Build.0  = Debug|x64
		{D4D72E6B-3844-495C-9409-A88F2ED7554F}.Release|x64.ActiveCfg = Release|x64
		{D4D72E6B-3844-495C-9409-A88F2ED7554F}.Release|x64.Build.0 = Release|x64
		{DB3D67B8-2F2F-4352-959F-8BC743DFB0F2}.Debug|x64.ActiveCfg = Debug|x64
		{DB3D67B8-2F2F-4352-959F-8BC743DFB0F2}.Debug|x64.Build.0  = Debug|x64
		{DB3D67B8-2F2F-4352-959F-8BC743DFB0F2}.Release|x64.ActiveCfg = Release|x64
		{DB3D67B8-2F2F-4352-959F-8BC743DFB0F2}.Release|x64.Build.0 = Release|x64
		{B05C36ED-3205-4B10-905C-5092933BF871}.Debug|x64.ActiveCfg = Debug|x64
		{B05C36ED-3205-4B10-905C-5092933BF871}.Debug|x64.Build.0  = Debug|x64
		{B05C36ED-3205-4B10-905C-5092933BF871}.Release|x64.ActiveCfg = Release|x64
		{B05C36ED-3205-4B10-905C-5092933BF871}.Release|x64.Build.0 = Release|x64
		{68C202D9-4A2C-45FD-A8DF-ECDD37A2F604}.Debug|x64.ActiveCfg = Debug|x64
		{68C202D9-4A2C-45FD-A8DF-ECDD37A2F604}.Debug|x64.Build.0  = Debug|x64
		{68C202D9-4A2C-45FD-A8DF-ECDD37A2F604}.Release|x64.ActiveCfg = Release|x64
		{68C202D9-4A2C-45FD-A8DF-ECDD37A2F604}.Release|x64.Build.0 = Release|x64
		{AFFF4EB8-46EC-432B-A8E7-D9B48065A397}.Debug|x64.ActiveCfg = Debug|x64
		{AFFF4EB8-46EC-432B-A8E7-D9B48065A397}.Debug|x64.Build.0  = Debug|x64
		{AFFF4EB8-46EC-432B-A8E7-D9B48065A397}.Release|x64.ActiveCfg = Release|x64
		{AFFF4EB8-46EC-432B-A8E7-D9B48065A397}.Release|x64.Build.0 = Release|x64
		{3B44D285-403F-4B82-9C75-AFD0033D5C57}.Debug|x64.ActiveCfg = Debug|x64
		{3B44D285-403F-4B82-9C75-AFD0033D5C57}.Debug|x64.Build.0  = Debug|x64
		{3B44D285-403F-4B82-9C75-AFD0033D5C57}.Release|x64.ActiveCfg = Release|x64
		{3B44D285-403F-4B82-9C75-AFD0033D5C57}.Release|x64.Build.0 = Release|x64
		{22098EE5-2F81-41E2-B5A6-F2E8B09E6F16}.Debug|x64.ActiveCfg = Debug|x64
		{22098EE5-2F81-41E2-B5A6-F2E8B09E6F16}.Debug|x64.Build.0  = Debug|x64
		{22098EE5-2F81-41E2-B5A6-F2E8B09E6F16}.Release|x64.ActiveCfg = Release|x64
		{22098EE5-2F81-41E2-B5A6-F2E8B09E6F16}.Release|x64.Build.0 = Release|x64
		{49F00E03-D78A-4A89-AC1B-7412FFABF675}.Debug|x64.ActiveCfg = Debug|x64
		{49F00E03-D78A-4A89-AC1B-7412FFABF675}.Debug|x64.Build.0  = Debug|x64
		{49F00E03-D78A-4A89-AC1B-7412FFABF675}.Release|x64.ActiveCfg = Release|x64
		{49F00E03-D78A-4A89-AC1B-7412FFABF675}.Release|x64.Build.0 = Release|x64
		{6322BB38-D215-4676-8B25-FA0DA324238B}.Debug|x64.ActiveCfg = Debug|x64
		{6322BB38-D215-4676-8B25-FA0DA324238B}.Debug|x64.Build.0  = Debug|x64
		{6322BB38-D215-4676-8B25-FA0DA324238B}.Release|x64.ActiveCfg = Release|x64
		{6322BB38-D215-4676-8B25-FA0DA324238B}.Release|x64.Build.0 = Release|x64
		{9218B85C-6E3D-4D92-B4FB-0324DDF7E22A}.Debug|x64.ActiveCfg = Debug|x64
		{9218B85C-6E3D-4D92-B4FB-0324DDF7E22A}.Debug|x64.Build.0  = Debug|x64
		{9218B85C-6E3D-4D92-B4FB-0324DDF7E22A}.Release|x64.ActiveCfg = Release|x64
		{9218B85C-6E3D-4D92-B4FB-0324DDF7E22A}.Release|x64.Build.0 = Release|x64
		{C366AAE3-DCE5-4BAD-A4F2-AC7D91235188}.Debug|x64.ActiveCfg = Debug|x64
		{C366AAE3-DCE5-4BAD-A4F2-AC7D91235188}.Debug|x64.Build.0  = Debug|x64
		{C366AAE3-DCE5-4BAD-A4F2-AC7D91235188}.Release|x64.ActiveCfg = Release|x64
		{C366AAE3-DCE5-4BAD-A4F2-AC7D91235188}.Release|x64.Build.0 = Release|x64
		{32BB0AD2-3FAD-4DA8-92DB-C266A39B9B5B}.Debug|x64.ActiveCfg = Debug|x64
		{32BB0AD2-3FAD-4DA8-92DB-C266A39B9B5B}.Debug|x64.Build.0  = Debug|x64
		{32BB0AD2-3FAD-4DA8-92DB-C266A39B9B5B}.Release|x64.ActiveCfg = Release|x64
		{32BB0AD2-3FAD-4DA8-92DB-C266A39B9B5B}.Release|x64.Build.0 = Release|x64
		{9735A4A4-1BFE-486F-BD1F-1D5B0CBF5A96}.Debug|x64.ActiveCfg = Debug|x64
		{9735A4A4-1BFE-486F-BD1F-1D5B0CBF5A96}.Debug|x64.Build.0  = Debug|x64
		{9735A4A4-1BFE-486F-BD1F-1D5B0CBF5A96}.Release|x64.ActiveCfg = Release|x64
		{9735A4A4-1BFE-486F-BD1F-1D5B0CBF5A96}.Release|x64.Build.0 = Release|x64
		{0B9D0853-8EC4-45EE-BF2F-8F756F7E8CF8}.Debug|x64.ActiveCfg = Debug|x64
		{0B9D0853-8EC4-45EE-BF2F-8F756F7E8CF8}.Debug|x64.Build.0  = Debug|x64
		{0B9D0853-8EC4-45EE-BF2F-8F756F7E8CF8}.Release|x64.ActiveCfg = Release|x64
		{0B9D0853-8EC4-45EE-BF2F-8F756F7E8CF8}.Release|x64.Build.0 = Release|x64
		{8FE17D12-5D65-495C-ADFC-8CDEB72EF38E}.Debug|x64.ActiveCfg = Debug|x64
		{8FE17D12-5D65-495C-ADFC-8CDEB72EF38E}.Debug|x64.Build.0  = Debug|x64
		{8FE17D12-5D65-495C-ADFC-8CDEB72EF38E}.Release|x64.ActiveCfg = Release|x64
		{8FE17D12-5D65-495C-ADFC-8CDEB72EF38E}.Release|x64.Build.0 = Release|x64
		{A92E5C69-35BF-4138-A4E1-5F60924873E9}.Debug|x64.ActiveCfg = Debug|x64
		{A92E5C69-35BF-4138-A4E1-5F60924873E9}.Debug|x64.Build.0  = Debug|x64
		{A92E5C69-35BF-4138-A4E1-5F60924873E9}.Release|x64.ActiveCfg = Release|x64
		{A92E5C69-35BF-4138-A4E1-5F60924873E9}.Release|x64.Build.0 = Release|x64
		{2F4D110A-0E52-4989-957B-D551BFB1843D}.Debug|x64.ActiveCfg = Debug|x64
		{2F4D110A-0E52-4989-957B-D551BFB1843D}.Debug|x64.Build.0  = Debug|x64
		{2F4D110A-0E52-4989-957B-D551BFB1843D}.Release|x64.ActiveCfg = Release|x64
		{2F4D110A-0E52-4989-957B-D551BFB1843D}.Release|x64.Build.0 = Release|x64
		{4648F14B-4007-4AF9-96C5-40B1FD97EF03}.Debug|x64.ActiveCfg = Debug|x64
		{4648F14B-4007-4AF9-96C5-40B1FD97EF03}.Debug|x64.Build.0  = Debug|x64
		{4648F14B-4007-4AF9-96C5-40B1FD97EF03}.Release|x64.ActiveCfg = Release|x64
		{4648F14B-4007-4AF9-96C5-40B1FD97EF03}.Release|x64.Build.0 = Release|x64
		{0608422E-E602-4518-8727-744FA8783233}.Debug|x64.ActiveCfg = Debug|x64
		{0608422E-E602-4518-8727-744FA8783233}.Debug|x64.Build.0  = Debug|x64
		{0608422E-E602-4518-8727-744FA8783233}.Release|x64.ActiveCfg = Release|x64
		{0608422E-E602-4518-8727-744FA8783233}.Release|x64.Build.0 = Release|x64
		{84D3BFCC-2D59-4758-B71F-F2B9B16AA9E6}.Debug|x64.ActiveCfg = Debug|x64
		{84D3BFCC-2D59-4758-B71F-F2B9B16AA9E6}.Debug|x64.Build.0  = Debug|x64
		{84D3BFCC-2D59-4758-B71F-F2B9B16AA9E6}.Release|x64.ActiveCfg = Release|x64
		{84D3BFCC-2D59-4758-B71F-F2B9B16AA9E6}.Release|x64.Build.0 = Release|x64
		{8587A83D-2DB5-46EE-AF9A-99E69626423B}.Debug|x64.ActiveCfg = Debug|x64
		{8587A83D-2DB5-46EE-AF9A-99E69626423B}.Debug|x64.Build.0  = Debug|x64
		{8587A83D-2DB5-46EE-AF9A-99E69626423B}.Release|x64.ActiveCfg = Release|x64
		{8587A83D-2DB5-46EE-AF9A-99E69626423B}.Release|x64.Build.0 = Release|x64
		{7F35FE62-E190-48EA-A770-9E8FC1B1D3C3}.Debug|x64.ActiveCfg = Debug|x64
		{7F35FE62-E190-48EA-A770-9E8FC1B1D3C3}.Debug|x64.Build.0  = Debug|x64
		{7F35FE62-E190-48EA-A770-9E8FC1B1D3C3}.Release|x64.ActiveCfg = Release|x64
		{7F35FE62-E190-48EA-A770-9E8FC1B1D3C3}.Release|x64.Build.0 = Release|x64
		{113326C8-2172-41F4-997C-2B8131C31C3C}.Debug|x64.ActiveCfg = Debug|x64
		{113326C8-2172-41F4-997C-2B8131C31C3C}.Debug|x64.Build.0  = Debug|x64
		{113326C8-2172-41F4-997C-2B8131C31C3C}.Release|x64.ActiveCfg = Release|x64
		{113326C8-2172-41F4-997C-2B8131C31C3C}.Release|x64.Build.0 = Release|x64
		{3F05E416-84D3-4244-A10B-862FEF8CCE3F}.Debug|x64.ActiveCfg = Debug|x64
		{3F05E416-84D3-4244-A10B-862FEF8CCE3F}.Debug|x64.Build.0  = Debug|x64
		{3F05E416-84D3-4244-A10B-862FEF8CCE3F}.Release|x64.ActiveCfg = Release|x64
		{3F05E416-84D3-4244-A10B-862FEF8CCE3F}.Release|x64.Build.0 = Release|x64
		{3EFA7D26-E0C5-43E3-9FF9-F9CBBC6E6080}.Debug|x64.ActiveCfg = Debug|x64
		{3EFA7D26-E0C5-43E3-9FF9-F9CBBC6E6080}.Debug|x64.Build.0  = Debug|x64
		{3EFA7D26-E0C5-43E3-9FF9-F9CBBC6E6080}.Release|x64.ActiveCfg = Release|x64
		{3EFA7D26-E0C5-43E3-9FF9-F9CBBC6E6080}.Release|x64.Build.0 = Release|x64
		{B8386BEF-D23C-438A-A497-595244DC6401}.Debug|x64.ActiveCfg = Debug|x64
		{B8386BEF-D23C-438A-A497-595244DC6401}.Debug|x64.Build.0  = Debug|x64
		{B8386BEF-D23C-438A-A497-595244DC6401}.Release|x64.ActiveCfg = Release|x64
		{B8386BEF-D23C-438A-A497-595244DC6401}.Release|x64.Build.0 = Release|x64
		{CCEC61E9-EBEE-49C1-A128-447783399408}.Debug|x64.ActiveCfg = Debug|x64
		{CCEC61E9-EBEE-49C1-A128-447783399408}.Debug|x64.Build.0  = Debug|x64
		{CCEC61E9-EBEE-49C1-A128-447783399408}.Release|x64.ActiveCfg = Release|x64
		{CCEC61E9-EBEE-49C1-A128-447783399408}.Release|x64.Build.0 = Release|x64
		{6E5258D2-30D0-4436-B84D-D911717B224E}.Debug|x64.ActiveCfg = Debug|x64
		{6E5258D2-30D0-4436-B84D-D911717B224E}.Debug|x64.Build.0  = Debug|x64
		{6E5258D2-30D0-4436-B84D-D911717B224E}.Release|x64.ActiveCfg = Release|x64
		{6E5258D2-30D0-4436-B84D-D911717B224E}.Release|x64.Build.0 = Release|x64
		{09A2FB2B-3882-49CF-9F6D-601592B8B553}.Debug|x64.ActiveCfg = Debug|x64
		{09A2FB2B-3882-49CF-9F6D-601592B8B553}.Debug|x64.Build.0  = Debug|x64
		{09A2FB2B-3882-49CF-9F6D-601592B8B553}.Release|x64.ActiveCfg = Release|x64
		{09A2FB2B-3882-49CF-9F6D-601592B8B553}.Release|x64.Build.0 = Release|x64
		{8DF82A9A-51B5-41EC-8CF6-853049338009}.Debug|x64.ActiveCfg = Debug|x64
		{8DF82A9A-51B5-41EC-8CF6-853049338009}.Debug|x64.Build.0  = Debug|x64
		{8DF82A9A-51B5-41EC-8CF6-853049338009}.Release|x64.ActiveCfg = Release|x64
		{8DF82A9A-51B5-41EC-8CF6-853049338009}.Release|x64.Build.0 = Release|x64
		{D852867D-3158-4225-9D52-FE5015D075F0}.Debug|x64.ActiveCfg = Debug|x64
		{D852867D-3158-4225-9D52-FE5015D075F0}.Debug|x64.Build.0  = Debug|x64
		{D852867D-3158-4225-9D52-FE5015D075F0}.Release|x64.ActiveCfg = Release|x64
		{D852867D-3158-4225-9D52-FE5015D075F0}.Release|x64.Build.0 = Release|x64
		{8B4F1796-2998-4394-84D3-FA65DF294D37}.Debug|x64.ActiveCfg = Debug|x64
		{8B4F1796-2998-4394-84D3-FA65DF294D37}.Debug|x64.Build.0  = Debug|x64
		{8B4F1796-2998-4394-84D3-FA65DF294D37}.Release|x64.ActiveCfg = Release|x64
		{8B4F1796-2998-4394-84D3-FA65DF294D37}.Release|x64.Build.0 = Release|x64
		{F518B00C-8EFA-4824-A63E-1CD0331DA31B}.Debug|x64.ActiveCfg = Debug|x64
		{F518B00C-8EFA-4824-A63E-1CD0331DA31B}.Debug|x64.Build.0  = Debug|x64
		{F518B00C-8EFA-4824-A63E-1CD0331DA31B}.Release|x64.ActiveCfg = Release|x64
		{F518B00C-8EFA-4824-A63E-1CD0331DA31B}.Release|x64.Build.0 = Release|x64
		{35FB70FB-1DEE-44CF-9161-51E1D4BF3C89}.Debug|x64.ActiveCfg = Debug|x64
		{35FB70FB-1DEE-44CF-9161-51E1D4BF3C89}.Debug|x64.Build.0  = Debug|x64
		{35FB70FB-1DEE-44CF-9161-51E1D4BF3C89}.Release|x64.ActiveCfg = Release|x64
		{35FB70FB-1DEE-44CF-9161-51E1D4BF3C89}.Release|x64.Build.0 = Release|x64
		{EF5EC3AD-108F-4C1E-A054-A9301CA0D4CF}.Debug|x64.ActiveCfg = Debug|x64
		{EF5EC3AD-108F-4C1E-A054-A9301CA0D4CF}.Debug|x64.Build.0  = Debug|x64
		{EF5EC3AD-108F-4C1E-A054-A9301CA0D4CF}.Release|x64.ActiveCfg = Release|x64
		{EF5EC3AD-108F-4C1E-A054-A9301CA0D4CF}.Release|x64.Build.0 = Release|x64
		{D4B8CC1F-A331-4358-9ADA-C10232818B43}.Debug|x64.ActiveCfg = Debug|x64
		{D4B8CC1F-A331-4358-9ADA-C10232818B43}.Debug|x64.Build.0  = Debug|x64
		{D4B8CC1F-A331-4358-9ADA-C10232818B43}.Release|x64.ActiveCfg = Release|x64
		{D4B8CC1F-A331-4358-9ADA-C10232818B43}.Release|x64.Build.0 = Release|x64
		{C1AA0B48-14FD-4987-8F36-6F614B797624}.Debug|x64.ActiveCfg = Debug|x64
		{C1AA0B48-14FD-4987-8F36-6F614B797624}.Debug|x64.Build.0  = Debug|x64
		{C1AA0B48-14FD-4987-8F36-6F614B797624}.Release|x64.ActiveCfg = Release|x64
		{C1AA0B48-14FD-4987-8F36-6F614B797624}.Release|x64.Build.0 = Release|x64
		{80DBC60C-D4BA-44B1-A343-A458EF870390}.Debug|x64.ActiveCfg = Debug|x64
		{80DBC60C-D4BA-44B1-A343-A458EF870390}.Debug|x64.Build.0  = Debug|x64
		{80DBC60C-D4BA-44B1-A343-A458EF870390}.Release|x64.ActiveCfg = Release|x64
		{80DBC60C-D4BA-44B1-A343-A458EF870390}.Release|x64.Build.0 = Release|x64
		{F6BA5AFC-CB32-4D8D-99F4-1FC65C050A89}.Debug|x64.ActiveCfg = Debug|x64
		{F6BA5AFC-CB32-4D8D-99F4-1FC65C050A89}.Debug|x64.Build.0  = Debug|x64
		{F6BA5AFC-CB32-4D8D-99F4-1FC65C050A89}.Release|x64.ActiveCfg = Release|x64
		{F6BA5AFC-CB32-4D8D-99F4-1FC65C050A89}.Release|x64.Build.0 = Release|x64
		{294A99A6-B41C-4A1B-A5B3-1EF5CAA848CE}.Debug|x64.ActiveCfg = Debug|x64
		{294A99A6-B41C-4A1B-A5B3-1EF5CAA848CE}.Debug|x64.Build.0  = Debug|x64
		{294A99A6-B41C-4A1B-A5B3-1EF5CAA848CE}.Release|x64.ActiveCfg = Release|x64
		{294A99A6-B41C-4A1B-A5B3-1EF5CAA848CE}.Release|x64.Build.0 = Release|x64
		{96EF961C-5871-4C18-9AE7-C360118A52B0}.Debug|x64.ActiveCfg = Debug|x64
		{96EF961C-5871-4C18-9AE7-C360118A52B0}.Debug|x64.Build.0  = Debug|x64
		{96EF961C-5871-4C18-9AE7-C360118A52B0}.Release|x64.ActiveCfg = Release|x64
		{96EF961C-5871-4C18-9AE7-C360118A52B0}.Release|x64.Build.0 = Release|x64
		{04356200-F9C9-4F43-BB4C-89F8F1056B31}.Debug|x64.ActiveCfg = Debug|x64
		{04356200-F9C9-4F43-BB4C-89F8F1056B31}.Debug|x64.Build.0  = Debug|x64
		{04356200-F9C9-4F43-BB4C-89F8F1056B31}.Release|x64.ActiveCfg = Release|x64
		{04356200-F9C9-4F43-BB4C-89F8F1056B31}.Release|x64.Build.0 = Release|x64
		{BBC28A91-B5E9-45AC-BE08-05EFC427A20B}.Debug|x64.ActiveCfg = Debug|x64
		{BBC28A91-B5E9-45AC-BE08-05EFC427A20B}.Debug|x64.Build.0  = Debug|x64
		{BBC28A91-B5E9-45AC-BE08-05EFC427A20B}.Release|x64.ActiveCfg = Release|x64
		{BBC28A91-B5E9-45AC-BE08-05EFC427A20B}.Release|x64.Build.0 = Release|x64
		{74B7A859-3869-4265-B525-5D4622DFDD65}.Debug|x64.ActiveCfg = Debug|x64
		{74B7A859-3869-4265-B525-5D4622DFDD65}.Debug|x64.Build.0  = Debug|x64
		{74B7A859-3869-4265-B525-5D4622DFDD65}.Release|x64.ActiveCfg = Release|x64
		{74B7A859-3869-4265-B525-5D4622DFDD65}.Release|x64.Build.0 = Release|x64
		{2EF5E379-766F-49AE-ADB3-5DDA213A6B01}.Debug|x64.ActiveCfg = Debug|x64
		{2EF5E379-766F-49AE-ADB3-5DDA213A6B01}.Debug|x64.Build.0  = Debug|x64
		{2EF5E379-766F-49AE-ADB3-5DDA213A6B01}.Release|x64.ActiveCfg = Release|x64
		{2EF5E379-766F-49AE-ADB3-5DDA213A6B01}.Release|x64.Build.0 = Release|x64
		{D6104497-CF38-4AD5-B2C3-45B5C3FC102A}.Debug|x64.ActiveCfg = Debug|x64
		{D6104497-CF38-4AD5-B2C3-45B5C3FC102A}.Debug|x64.Build.0  = Debug|x64
		{D6104497-CF38-4AD5-B2C3-45B5C3FC102A}.Release|x64.ActiveCfg = Release|x64
		{D6104497-CF38-4AD5-B2C3-45B5C3FC102A}.Release|x64.Build.0 = Release|x64
		{A6AD6F22-0ADA-4667-A435-F33D5F7F0D6D}.Debug|x64.ActiveCfg = Debug|x64
		{A6AD6F22-0ADA-4667-A435-F33D5F7F0D6D}.Debug|x64.Build.0  = Debug|x64
		{A6AD6F22-0ADA-4667-A435-F33D5F7F0D6D}.Release|x64.ActiveCfg = Release|x64
		{A6AD6F22-0ADA-4667-A435-F33D5F7F0D6D}.Release|x64.Build.0 = Release|x64
		{F9583569-3541-41A4-AD82-FF003CF89742}.Debug|x64.ActiveCfg = Debug|x64
		{F9583569-3541-41A4-AD82-FF003CF89742}.Debug|x64.Build.0  = Debug|x64
		{F9583569-3541-41A4-AD82-FF003CF89742}.Release|x64.ActiveCfg = Release|x64
		{F9583569-3541-41A4-AD82-FF003CF89742}.Release|x64.Build.0 = Release|x64
		{A79F7B21-98A2-4265-AFC8-DEE882A9D27E}.Debug|x64.ActiveCfg = Debug|x64
		{A79F7B21-98A2-4265-AFC8-DEE882A9D27E}.Debug|x64.Build.0  = Debug|x64
		{A79F7B21-98A2-4265-AFC8-DEE882A9D27E}.Release|x64.ActiveCfg = Release|x64
		{A79F7B21-98A2-4265-AFC8-DEE882A9D27E}.Release|x64.Build.0 = Release|x64
		{0C8C435D-0D99-473D-9490-250B3AC14A63}.Debug|x64.ActiveCfg = Debug|x64
		{0C8C435D-0D99-473D-9490-250B3AC14A63}.Debug|x64.Build.0  = Debug|x64
		{0C8C435D-0D99-473D-9490-250B3AC14A63}.Release|x64.ActiveCfg = Release|x64
		{0C8C435D-0D99-473D-9490-250B3AC14A63}.Release|x64.Build.0 = Release|x64
		{B436775D-B294-45F7-8C23-DA62FE970CA3}.Debug|x64.ActiveCfg = Debug|x64
		{B436775D-B294-45F7-8C23-DA62FE970CA3}.Debug|x64.Build.0  = Debug|x64
		{B436775D-B294-45F7-8C23-DA62FE970CA3}.Release|x64.ActiveCfg = Release|x64
		{B436775D-B294-45F7-8C23-DA62FE970CA3}.Release|x64.Build.0 = Release|x64
		{23FF94A6-6ED8-4C23-BA5B-0D58B6A29D29}.Debug|x64.ActiveCfg = Debug|x64
		{23FF94A6-6ED8-4C23-BA5B-0D58B6A29D29}.Debug|x64.Build.0  = Debug|x64
		{23FF94A6-6ED8-4C23-BA5B-0D58B6A29D29}.Release|x64.ActiveCfg = Release|x64
		{23FF94A6-6ED8-4C23-BA5B-0D58B6A29D29}.Release|x64.Build.0 = Release|x64
		{4B44D0D3-912B-4428-9B47-4573D9CDB53F}.Debug|x64.ActiveCfg = Debug|x64
		{4B44D0D3-912B-4428-9B47-4573D9CDB53F}.Debug|x64.Build.0  = Debug|x64
		{4B44D0D3-912B-4428-9B47-4573D9CDB53F}.Release|x64.ActiveCfg = Release|x64
		{4B44D0D3-912B-4428-9B47-4573D9CDB53F}.Release|x64.Build.0 = Release|x64
		{C8AC4F41-02BD-4FA2-88E8-BE57023F1B13}.Debug|x64.ActiveCfg = Debug|x64
		{C8AC4F41-02BD-4FA2-88E8-BE57023F1B13}.Debug|x64.Build.0  = Debug|x64
		{C8AC4F41-02BD-4FA2-88E8-BE57023F1B13}.Release|x64.ActiveCfg = Release|x64
		{C8AC4F41-02BD-4FA2-88E8-BE57023F1B13}.Release|x64.Build.0 = Release|x64
		{8A3B6B6B-F9FA-4575-93AC-E525E31D6053}.Debug|x64.ActiveCfg = Debug|x64
		{8A3B6B6B-F9FA-4575-93AC-E525E31D6053}.Debug|x64.Build.0  = Debug|x64
		{8A3B6B6B-F9FA-4575-93AC-E525E31D6053}.Release|x64.ActiveCfg = Release|x64
		{8A3B6B6B-F9FA-4575-93AC-E525E31D6053}.Release|x64.Build.0 = Release|x64
		{A437F018-1AF0-4C0E-8CA5-48A4744B31CA}.Debug|x64.ActiveCfg = Debug|x64
		{A437F018-1AF0-4C0E-8CA5-48A4744B31CA}.Debug|x64.Build.0  = Debug|x64
		{A437F018-1AF0-4C0E-8CA5-48A4744B31CA}.Release|x64.ActiveCfg = Release|x64
		{A437F018-1AF0-4C0E-8CA5-48A4744B31CA}.Release|x64.Build.0 = Release|x64
		{FD0D62A8-DC40-4098-811B-6BC46A074588}.Debug|x64.ActiveCfg = Debug|x64
		{FD0D62A8-DC40-4098-811B-6BC46A074588}.Debug|x64.Build.0  = Debug|x64
		{FD0D62A8-DC40-4098-811B-6BC46A074588}.Release|x64.ActiveCfg = Release|x64
		{FD0D62A8-DC40-4098-811B-6BC46A074588}.Release|x64.Build.0 = Release|x64
		{ED23EE75-2E16-40F9-B7D8-871516B6433A}.Debug|x64.ActiveCfg = Debug|x64
		{ED23EE75-2E16-40F9-B7D8-871516B6433A}.Debug|x64.Build.0  = Debug|x64
		{ED23EE75-2E16-40F9-B7D8-871516B6433A}.Release|x64.ActiveCfg = Release|x64
		{ED23EE75-2E16-40F9-B7D8-871516B6433A}.Release|x64.Build.0 = Release|x64
		{3998032B-453E-4D6B-9E57-3966216D84D6}.Debug|x64.ActiveCfg = Debug|x64
		{3998032B-453E-4D6B-9E57-3966216D84D6}.Debug|x64.Build.0  = Debug|x64
		{3998032B-453E-4D6B-9E57-3966216D84D6}.Release|x64.ActiveCfg = Release|x64
		{3998032B-453E-4D6B-9E57-3966216D84D6}.Release|x64.Build.0 = Release|x64
		{E5DA518A-FC63-4EC2-ACD0-F423F8A947EC}.Debug|x64.ActiveCfg = Debug|x64
		{E5DA518A-FC63-4EC2-ACD0-F423F8A947EC}.Debug|x64.Build.0  = Debug|x64
		{E5DA518A-FC63-4EC2-ACD0-F423F8A947EC}.Release|x64.ActiveCfg = Release|x64
		{E5DA518A-FC63-4EC2-ACD0-F423F8A947EC}.Release|x64.Build.0 = Release|x64
		{C0E998DF-A60A-4289-A5DB-903E6710F9CF}.Debug|x64.ActiveCfg = Debug|x64
		{C0E998DF-A60A-4289-A5DB-903E6710F9CF}.Debug|x64.Build.0  = Debug|x64
		{C0E998DF-A60A-4289-A5DB-903E6710F9CF}.Release|x64.ActiveCfg = Release|x64
		{C0E998DF-A60A-4289-A5DB-903E6710F9CF}.Release|x64.Build.0 = Release|x64
		{B96A16CB-C707-429A-8EAE-A47A41D62374}.Debug|x64.ActiveCfg = Debug|x64
		{B96A16CB-C707-429A-8EAE-A47A41D62374}.Debug|x64.Build.0  = Debug|x64
		{B96A16CB-C707-429A-8EAE-A47A41D62374}.Release|x64.ActiveCfg = Release|x64
		{B96A16CB-C707-429A-8EAE-A47A41D62374}.Release|x64.Build.0 = Release|x64
		{334B19A2-A0DD-4FCF-9707-17979690858D}.Debug|x64.ActiveCfg = Debug|x64
		{334B19A2-A0DD-4FCF-9707-17979690858D}.Debug|x64.Build.0  = Debug|x64
		{334B19A2-A0DD-4FCF-9707-17979690858D}.Release|x64.ActiveCfg = Release|x64
		{334B19A2-A0DD-4FCF-9707-17979690858D}.Release|x64.Build.0 = Release|x64
		{4FC5D7A4-43F1-477E-BB98-0836F02B30A9}.Debug|x64.ActiveCfg = Debug|x64
		{4FC5D7A4-43F1-477E-BB98-0836F02B30A9}.Debug|x64.Build.0  = Debug|x64
		{4FC5D7A4-43F1-477E-BB98-0836F02B30A9}.Release|x64.ActiveCfg = Release|x64
		{4FC5D7A4-43F1-477E-BB98-0836F02B30A9}.Release|x64.Build.0 = Release|x64
		{933C5A4C-1E78-473B-B845-DA045265B873}.Debug|x64.ActiveCfg = Debug|x64
		{933C5A4C-1E78-473B-B845-DA045265B873}.Debug|x64.Build.0  = Debug|x64
		{933C5A4C-1E78-473B-B845-DA045265B873}.Release|x64.ActiveCfg = Release|x64
		{933C5A4C-1E78-473B-B845-DA045265B873}.Release|x64.Build.0 = Release|x64
		{FB596336-F85C-47F7-9AA2-B01F8466A07E}.Debug|x64.ActiveCfg = Debug|x64
		{FB596336-F85C-47F7-9AA2-B01F8466A07E}.Debug|x64.Build.0  = Debug|x64
		{FB596336-F85C-47F7-9AA2-B01F8466A07E}.Release|x64.ActiveCfg = Release|x64
		{FB596336-F85C-47F7-9AA2-B01F8466A07E}.Release|x64.Build.0 = Release|x64
		{C7349BC8-7943-4FAA-AAF3-E522FA28BCAE}.Debug|x64.ActiveCfg = Debug|x64
		{C7349BC8-7943-4FAA-AAF3-E522FA28BCAE}.Debug|x64.Build.0  = Debug|x64
		{C7349BC8-7943-4FAA-AAF3-E522FA28BCAE}.Release|x64.ActiveCfg = Release|x64
		{C7349BC8-7943-4FAA-AAF3-E522FA28BCAE}.Release|x64.Build.0 = Release|x64
		{1F2BA7B9-BF08-4E72-86F6-60FEB0A3C593}.Debug|x64.ActiveCfg = Debug|x64
		{1F2BA7B9-BF08-4E72-86F6-60FEB0A3C593}.Debug|x64.Build.0  = Debug|x64
		{1F2BA7B9-BF08-4E72-86F6-60FEB0A3C593}.Release|x64.ActiveCfg = Release|x64
		{1F2BA7B9-BF08-4E72-86F6-60FEB0A3C593}.Release|x64.Build.0 = Release|x64
		{68BD9FF9-77C8-4BCF-A554-517BC234A4A4}.Debug|x64.ActiveCfg = Debug|x64
		{68BD9FF9-77C8-4BCF-A554-517BC234A4A4}.Debug|x64.Build.0  = Debug|x64
		{68BD9FF9-77C8-4BCF-A554-517BC234A4A4}.Release|x64.ActiveCfg = Release|x64
		{68BD9FF9-77C8-4BCF-A554-517BC234A4A4}.Release|x64.Build.0 = Release|x64
	EndGlobalSection
	GlobalSection(SolutionProperties) = preSolution
		HideSolutionNode = FALSE
	EndGlobalSection
	GlobalSection(NestedProjects) = preSolution
		{79ACB76F-F87A-4DED-92C2-39051078E32D} = {734C74B5-05B3-4FD3-A3AD-956C38AF65D1}
		{7686D7AE-08F5-4550-8652-249A4918965C} = {734C74B5-05B3-4FD3-A3AD-956C38AF65D1}
		{919BB27D-06E6-4A07-B388-47A49032DEBD} = {734C74B5-05B3-4FD3-A3AD-956C38AF65D1}
		{8B3226FD-C3D0-4E8C-A5E6-697178194543} = {734C74B5-05B3-4FD3-A3AD-956C38AF65D1}
		{70803461-CFAB-4282-8334-2B6338C994E7} = {734C74B5-05B3-4FD3-A3AD-956C38AF65D1}
		{E7F73E5A-85EA-4561-8B4B-858F81CF3E65} = {734C74B5-05B3-4FD3-A3AD-956C38AF65D1}
		{18877326-083F-4E00-914B-705292DBB697} = {734C74B5-05B3-4FD3-A3AD-956C38AF65D1}
		{6A34D7B6-25EC-484C-8553-E8120CF289B4} = {734C74B5-05B3-4FD3-A3AD-956C38AF65D1}
		{EF2A3076-716B-42DD-9288-216D52C0AC53} = {734C74B5-05B3-4FD3-A3AD-956C38AF65D1}
		{678B77BC-F6FD-444B-A0CF-3BDB1C29C2AA} = {734C74B5-05B3-4FD3-A3AD-956C38AF65D1}
		{3946F5B1-5EF8-4D5D-A91D-D7A58F20A5ED} = {734C74B5-05B3-4FD3-A3AD-956C38AF65D1}
		{A6FD5D2A-65F2-4DB3-B407-7012FEE0405E} = {734C74B5-05B3-4FD3-A3AD-956C38AF65D1}
		{ADB0F9B1-D0F0-408E-BC67-9DB3E85097F5} = {734C74B5-05B3-4FD3-A3AD-956C38AF65D1}
		{7E2A429C-FD66-4B47-B8C9-9F405DE9074C} = {734C74B5-05B3-4FD3-A3AD-956C38AF65D1}
		{B1F0A96F-5F61-4DD4-90E7-38DF9838DDA5} = {734C74B5-05B3-4FD3-A3AD-956C38AF65D1}
		{54CC6655-FAE4-46A7-9848-6D028F7FCFB4} = {734C74B5-05B3-4FD3-A3AD-956C38AF65D1}
		{44862BDE-4F5D-4D38-AB20-6C35526025F4} = {734C74B5-05B3-4FD3-A3AD-956C38AF65D1}
		{81E8EC9F-5E95-4DF2-AD24-AE8136F0A9DF} = {734C74B5-05B3-4FD3-A3AD-956C38AF65D1}
		{3B839374-4795-4496-AA82-B73B84DADDA4} = {734C74B5-05B3-4FD3-A3AD-956C38AF65D1}
		{E81C304E-4D4D-4A15-92BA-75EF5112BD8E} = {734C74B5-05B3-4FD3-A3AD-956C38AF65D1}
		{5A361CD4-062F-4CAF-AD93-6BAB0718529C} = {734C74B5-05B3-4FD3-A3AD-956C38AF65D1}
		{B0F76896-5462-45C0-BE2A-37BBE7166161} = {734C74B5-05B3-4FD3-A3AD-956C38AF65D1}
		{AF967DA5-47AA-4969-B9D1-79898DE6BEF4} = {734C74B5-05B3-4FD3-A3AD-956C38AF65D1}
		{D727C5A3-A6ED-4D28-A6BA-01B9661FADDC} = {734C74B5-05B3-4FD3-A3AD-956C38AF65D1}
		{C0C6AAFB-D36C-4F39-ABE7-8C7010D43BA4} = {734C74B5-05B3-4FD3-A3AD-956C38AF65D1}
		{87CC372B-3B7E-48D0-8527-D799A2E9E345} = {734C74B5-05B3-4FD3-A3AD-956C38AF65D1}
		{ADC6A5E6-CCE8-441D-BD90-EAC433DC7206} = {734C74B5-05B3-4FD3-A3AD-956C38AF65D1}
		{C5DE77AD-EEC9-47B6-9E28-FF847DAD0336} = {734C74B5-05B3-4FD3-A3AD-956C38AF65D1}
		{81949030-666B-48E2-9C31-7FFA18583A41} = {734C74B5-05B3-4FD3-A3AD-956C38AF65D1}
		{9BCD4224-C4E9-442B-9F16-1981DDDEBE91} = {734C74B5-05B3-4FD3-A3AD-956C38AF65D1}
		{4127B951-0AD9-4357-AB2A-003E437C5A0C} = {734C74B5-05B3-4FD3-A3AD-956C38AF65D1}
		{8211957E-982E-472D-BAD7-BEDB38CEC233} = {734C74B5-05B3-4FD3-A3AD-956C38AF65D1}
		{8ABF2A19-FA51-487D-A90A-C41A8AFB873D} = {734C74B5-05B3-4FD3-A3AD-956C38AF65D1}
		{D748487C-54F9-45A6-A1DB-8F3861935668} = {734C74B5-05B3-4FD3-A3AD-956C38AF65D1}
		{EACFA505-37D0-4F61-BB66-32A3DD65205D} = {734C74B5-05B3-4FD3-A3AD-956C38AF65D1}
		{7827F1C3-7289-4497-A1A5-BD2A67EEFF5A} = {734C74B5-05B3-4FD3-A3AD-956C38AF65D1}
		{66F2266E-643C-49DB-B36C-C8E48B41CFDE} = {734C74B5-05B3-4FD3-A3AD-956C38AF65D1}
		{3696F160-8E60-47A6-B803-45A8FD0CB607} = {734C74B5-05B3-4FD3-A3AD-956C38AF65D1}
		{BE2C30B9-C52E-47A9-875D-52A65CB90CAF} = {734C74B5-05B3-4FD3-A3AD-956C38AF65D1}
		{E3FDD3BB-2AC6-4042-9573-E07F21AD39CB} = {734C74B5-05B3-4FD3-A3AD-956C38AF65D1}
		{46DA5FB6-59DF-4B57-A4D5-1FD9E5DA42A4} = {734C74B5-05B3-4FD3-A3AD-956C38AF65D1}
		{F7B2F787-86A8-4FED-BC58-E41D99DA1D45} = {734C74B5-05B3-4FD3-A3AD-956C38AF65D1}
		{9FE11A56-8046-4CED-BD07-06380E0BE485} = {734C74B5-05B3-4FD3-A3AD-956C38AF65D1}
		{1CB103F3-BDD4-4623-A961-F3DB3BD7FBA3} = {734C74B5-05B3-4FD3-A3AD-956C38AF65D1}
		{1367F52B-B638-46FB-9E41-2A6010DA58A1} = {734C74B5-05B3-4FD3-A3AD-956C38AF65D1}
		{C792ECBE-85E8-420F-961E-4284E9FC3841} = {734C74B5-05B3-4FD3-A3AD-956C38AF65D1}
		{31E37EEC-865D-43E9-88A8-0162D98146D7} = {734C74B5-05B3-4FD3-A3AD-956C38AF65D1}
		{D827054B-1C4C-4ADF-8B4B-236018F1491C} = {734C74B5-05B3-4FD3-A3AD-956C38AF65D1}
		{EB3D55A4-9534-4E7F-BA53-1AB60C9BE733} = {734C74B5-05B3-4FD3-A3AD-956C38AF65D1}
		{8CCE9BE5-AD39-4DBE-BB4C-CCAD2B30820E} = {734C74B5-05B3-4FD3-A3AD-956C38AF65D1}
		{C7AA5AAA-1524-4E7D-B06F-4ACBD8F721BE} = {734C74B5-05B3-4FD3-A3AD-956C38AF65D1}
		{8A17CF43-DAEF-425D-AE80-BE031CF6E2D8} = {734C74B5-05B3-4FD3-A3AD-956C38AF65D1}
		{3FEFC72A-2852-4207-9E94-6C06162D8F57} = {734C74B5-05B3-4FD3-A3AD-956C38AF65D1}
		{F41E6579-BBDE-4061-AAA4-2B3E3E616182} = {60CAE8EF-579A-48F9-A874-AC70C10BCE01}
		{D4D72E6B-3844-495C-9409-A88F2ED7554F} = {60CAE8EF-579A-48F9-A874-AC70C10BCE01}
		{DB3D67B8-2F2F-4352-959F-8BC743DFB0F2} = {60CAE8EF-579A-48F9-A874-AC70C10BCE01}
		{B05C36ED-3205-4B10-905C-5092933BF871} = {60CAE8EF-579A-48F9-A874-AC70C10BCE01}
		{68C202D9-4A2C-45FD-A8DF-ECDD37A2F604} = {60CAE8EF-579A-48F9-A874-AC70C10BCE01}
		{AFFF4EB8-46EC-432B-A8E7-D9B48065A397} = {F22ECB29-132B-474F-9C6E-6E1461B5C839}
		{3B44D285-403F-4B82-9C75-AFD0033D5C57} = {FC5BC504-057C-4EC6-BFBD-BC09259F933D}
		{22098EE5-2F81-41E2-B5A6-F2E8B09E6F16} = {119562EB-9827-427B-8266-3FF76F8951F3}
		{49F00E03-D78A-4A89-AC1B-7412FFABF675} = {119562EB-9827-427B-8266-3FF76F8951F3}
		{6322BB38-D215-4676-8B25-FA0DA324238B} = {119562EB-9827-427B-8266-3FF76F8951F3}
		{9218B85C-6E3D-4D92-B4FB-0324DDF7E22A} = {119562EB-9827-427B-8266-3FF76F8951F3}
		{C366AAE3-DCE5-4BAD-A4F2-AC7D91235188} = {119562EB-9827-427B-8266-3FF76F8951F3}
		{32BB0AD2-3FAD-4DA8-92DB-C266A39B9B5B} = {119562EB-9827-427B-8266-3FF76F8951F3}
		{9735A4A4-1BFE-486F-BD1F-1D5B0CBF5A96} = {119562EB-9827-427B-8266-3FF76F8951F3}
		{0B9D0853-8EC4-45EE-BF2F-8F756F7E8CF8} = {119562EB-9827-427B-8266-3FF76F8951F3}
		{8FE17D12-5D65-495C-ADFC-8CDEB72EF38E} = {23A0B3CC-9B5F-4146-B3F5-A50788C238BD}
		{A92E5C69-35BF-4138-A4E1-5F60924873E9} = {23A0B3CC-9B5F-4146-B3F5-A50788C238BD}
		{2F4D110A-0E52-4989-957B-D551BFB1843D} = {23A0B3CC-9B5F-4146-B3F5-A50788C238BD}
		{4648F14B-4007-4AF9-96C5-40B1FD97EF03} = {23A0B3CC-9B5F-4146-B3F5-A50788C238BD}
		{0608422E-E602-4518-8727-744FA8783233} = {23A0B3CC-9B5F-4146-B3F5-A50788C238BD}
		{84D3BFCC-2D59-4758-B71F-F2B9B16AA9E6} = {23A0B3CC-9B5F-4146-B3F5-A50788C238BD}
		{8587A83D-2DB5-46EE-AF9A-99E69626423B} = {23A0B3CC-9B5F-4146-B3F5-A50788C238BD}
		{7F35FE62-E190-48EA-A770-9E8FC1B1D3C3} = {23A0B3CC-9B5F-4146-B3F5-A50788C238BD}
		{113326C8-2172-41F4-997C-2B8131C31C3C} = {23A0B3CC-9B5F-4146-B3F5-A50788C238BD}
		{3F05E416-84D3-4244-A10B-862FEF8CCE3F} = {23A0B3CC-9B5F-4146-B3F5-A50788C238BD}
		{3EFA7D26-E0C5-43E3-9FF9-F9CBBC6E6080} = {23A0B3CC-9B5F-4146-B3F5-A50788C238BD}
		{B8386BEF-D23C-438A-A497-595244DC6401} = {23A0B3CC-9B5F-4146-B3F5-A50788C238BD}
		{CCEC61E9-EBEE-49C1-A128-447783399408} = {23A0B3CC-9B5F-4146-B3F5-A50788C238BD}
		{6E5258D2-30D0-4436-B84D-D911717B224E} = {23A0B3CC-9B5F-4146-B3F5-A50788C238BD}
		{09A2FB2B-3882-49CF-9F6D-601592B8B553} = {23A0B3CC-9B5F-4146-B3F5-A50788C238BD}
		{8DF82A9A-51B5-41EC-8CF6-853049338009} = {23A0B3CC-9B5F-4146-B3F5-A50788C238BD}
		{D852867D-3158-4225-9D52-FE5015D075F0} = {23A0B3CC-9B5F-4146-B3F5-A50788C238BD}
		{8B4F1796-2998-4394-84D3-FA65DF294D37} = {23A0B3CC-9B5F-4146-B3F5-A50788C238BD}
		{F518B00C-8EFA-4824-A63E-1CD0331DA31B} = {23A0B3CC-9B5F-4146-B3F5-A50788C238BD}
		{35FB70FB-1DEE-44CF-9161-51E1D4BF3C89} = {23A0B3CC-9B5F-4146-B3F5-A50788C238BD}
		{EF5EC3AD-108F-4C1E-A054-A9301CA0D4CF} = {23A0B3CC-9B5F-4146-B3F5-A50788C238BD}
		{D4B8CC1F-A331-4358-9ADA-C10232818B43} = {23A0B3CC-9B5F-4146-B3F5-A50788C238BD}
		{C1AA0B48-14FD-4987-8F36-6F614B797624} = {23A0B3CC-9B5F-4146-B3F5-A50788C238BD}
		{80DBC60C-D4BA-44B1-A343-A458EF870390} = {23A0B3CC-9B5F-4146-B3F5-A50788C238BD}
		{F6BA5AFC-CB32-4D8D-99F4-1FC65C050A89} = {23A0B3CC-9B5F-4146-B3F5-A50788C238BD}
		{294A99A6-B41C-4A1B-A5B3-1EF5CAA848CE} = {23A0B3CC-9B5F-4146-B3F5-A50788C238BD}
		{96EF961C-5871-4C18-9AE7-C360118A52B0} = {C351282F-4610-4AC2-A717-84578469E501}
		{04356200-F9C9-4F43-BB4C-89F8F1056B31} = {C351282F-4610-4AC2-A717-84578469E501}
		{BBC28A91-B5E9-45AC-BE08-05EFC427A20B} = {C351282F-4610-4AC2-A717-84578469E501}
		{74B7A859-3869-4265-B525-5D4622DFDD65} = {C351282F-4610-4AC2-A717-84578469E501}
		{2EF5E379-766F-49AE-ADB3-5DDA213A6B01} = {C351282F-4610-4AC2-A717-84578469E501}
		{D6104497-CF38-4AD5-B2C3-45B5C3FC102A} = {C351282F-4610-4AC2-A717-84578469E501}
		{A6AD6F22-0ADA-4667-A435-F33D5F7F0D6D} = {C351282F-4610-4AC2-A717-84578469E501}
		{F9583569-3541-41A4-AD82-FF003CF89742} = {C351282F-4610-4AC2-A717-84578469E501}
		{A79F7B21-98A2-4265-AFC8-DEE882A9D27E} = {C351282F-4610-4AC2-A717-84578469E501}
		{0C8C435D-0D99-473D-9490-250B3AC14A63} = {C351282F-4610-4AC2-A717-84578469E501}
		{B436775D-B294-45F7-8C23-DA62FE970CA3} = {C351282F-4610-4AC2-A717-84578469E501}
		{23FF94A6-6ED8-4C23-BA5B-0D58B6A29D29} = {C351282F-4610-4AC2-A717-84578469E501}
		{4B44D0D3-912B-4428-9B47-4573D9CDB53F} = {C351282F-4610-4AC2-A717-84578469E501}
		{C8AC4F41-02BD-4FA2-88E8-BE57023F1B13} = {C351282F-4610-4AC2-A717-84578469E501}
		{8A3B6B6B-F9FA-4575-93AC-E525E31D6053} = {C351282F-4610-4AC2-A717-84578469E501}
		{A437F018-1AF0-4C0E-8CA5-48A4744B31CA} = {C351282F-4610-4AC2-A717-84578469E501}
		{FD0D62A8-DC40-4098-811B-6BC46A074588} = {C351282F-4610-4AC2-A717-84578469E501}
		{ED23EE75-2E16-40F9-B7D8-871516B6433A} = {C351282F-4610-4AC2-A717-84578469E501}
		{3998032B-453E-4D6B-9E57-3966216D84D6} = {C351282F-4610-4AC2-A717-84578469E501}
		{E5DA518A-FC63-4EC2-ACD0-F423F8A947EC} = {C351282F-4610-4AC2-A717-84578469E501}
		{C0E998DF-A60A-4289-A5DB-903E6710F9CF} = {C351282F-4610-4AC2-A717-84578469E501}
		{B96A16CB-C707-429A-8EAE-A47A41D62374} = {C351282F-4610-4AC2-A717-84578469E501}
		{334B19A2-A0DD-4FCF-9707-17979690858D} = {C351282F-4610-4AC2-A717-84578469E501}
		{4FC5D7A4-43F1-477E-BB98-0836F02B30A9} = {C351282F-4610-4AC2-A717-84578469E501}
		{933C5A4C-1E78-473B-B845-DA045265B873} = {C351282F-4610-4AC2-A717-84578469E501}
		{FB596336-F85C-47F7-9AA2-B01F8466A07E} = {C351282F-4610-4AC2-A717-84578469E501}
		{C7349BC8-7943-4FAA-AAF3-E522FA28BCAE} = {C351282F-4610-4AC2-A717-84578469E501}
		{1F2BA7B9-BF08-4E72-86F6-60FEB0A3C593} = {C351282F-4610-4AC2-A717-84578469E501}
		{68BD9FF9-77C8-4BCF-A554-517BC234A4A4} = {30DAB41D-EF65-42AC-956C-33CD566584CF}
	EndGlobalSection
EndGlobal
