
Microsoft Visual Studio Solution File, Format Version 12.00
# Visual Studio Version 16
VisualStudioVersion = 16.0.30804.86
MinimumVisualStudioVersion = 10.0.40219.1
Project("{8BC9CEB8-8B4A-11D0-8D11-00A0C91BC942}") = "aa_demo", "aa_demo\aa_demo.vcxproj", "{D51D0222-D96F-42A0-A737-A98408D779E2}"
EndProject
Project("{8BC9CEB8-8B4A-11D0-8D11-00A0C91BC942}") = "aa_test", "aa_test\aa_test.vcxproj", "{74F3F804-2114-48B1-893E-76CE2C0B1662}"
EndProject
Project("{8BC9CEB8-8B4A-11D0-8D11-00A0C91BC942}") = "alpha_gradient", "alpha_gradient\alpha_gradient.vcxproj", "{5BB7E026-48FD-41E8-9F82-93CF3666FB79}"
EndProject
Project("{8BC9CEB8-8B4A-11D0-8D11-00A0C91BC942}") = "alpha_mask", "alpha_mask\alpha_mask.vcxproj", "{A3F59E71-DA0D-4F0D-9CAA-BB3BCD2A83FC}"
EndProject
Project("{8BC9CEB8-8B4A-11D0-8D11-00A0C91BC942}") = "alpha_mask2", "alpha_mask2\alpha_mask2.vcxproj", "{DC9F5D48-F5E5-455D-ADD1-56688D71B1D7}"
EndProject
Project("{8BC9CEB8-8B4A-11D0-8D11-00A0C91BC942}") = "alpha_mask3", "alpha_mask3\alpha_mask3.vcxproj", "{DEA2B8FD-3801-4ED2-89AD-A00D18666FFC}"
EndProject
Project("{8BC9CEB8-8B4A-11D0-8D11-00A0C91BC942}") = "bezier_div", "bezier_div\bezier_div.vcxproj", "{2FC0DA43-15DB-4FB6-836E-7CED9A02160A}"
EndProject
Project("{8BC9CEB8-8B4A-11D0-8D11-00A0C91BC942}") = "blend_color", "blend_color\blend_color.vcxproj", "{C88A1411-1399-4EC4-B88C-115789643587}"
EndProject
Project("{8BC9CEB8-8B4A-11D0-8D11-00A0C91BC942}") = "blur", "blur\blur.vcxproj", "{C412D0AF-65D7-4B74-ADC9-057F3CA3BBC6}"
EndProject
Project("{8BC9CEB8-8B4A-11D0-8D11-00A0C91BC942}") = "bspline", "bspline\bspline.vcxproj", "{3F2AB177-E811-4D75-A0D2-D391C9B813F1}"
EndProject
Project("{8BC9CEB8-8B4A-11D0-8D11-00A0C91BC942}") = "circles", "circles\circles.vcxproj", "{9AB707E2-1715-49BA-BB15-BCD5FBD38036}"
EndProject
Project("{8BC9CEB8-8B4A-11D0-8D11-00A0C91BC942}") = "component_rendering", "component_rendering\component_rendering.vcxproj", "{0564B062-BB96-4F24-B271-8E571DF5958C}"
EndProject
Project("{8BC9CEB8-8B4A-11D0-8D11-00A0C91BC942}") = "compositing", "compositing\compositing.vcxproj", "{0EADA842-4C0F-4146-BAA4-46E3FF59608B}"
EndProject
Project("{8BC9CEB8-8B4A-11D0-8D11-00A0C91BC942}") = "compositing2", "compositing2\compositing2.vcxproj", "{4EAC1767-4043-431E-8116-8A92D89E21E4}"
EndProject
Project("{8BC9CEB8-8B4A-11D0-8D11-00A0C91BC942}") = "conv_contour", "conv_contour\conv_contour.vcxproj", "{9109A7E5-856B-4101-8047-BE02C8DF64B9}"
EndProject
Project("{8BC9CEB8-8B4A-11D0-8D11-00A0C91BC942}") = "conv_dash_marker", "conv_dash_marker\conv_dash_marker.vcxproj", "{C4BBA216-C530-401C-9B8E-8ED1A8535A13}"
EndProject
Project("{8BC9CEB8-8B4A-11D0-8D11-00A0C91BC942}") = "conv_stroke", "conv_stroke\conv_stroke.vcxproj", "{2D24FA05-34F6-418D-93D0-5B80F54ABCCA}"
EndProject
Project("{8BC9CEB8-8B4A-11D0-8D11-00A0C91BC942}") = "distortions", "distortions\distortions.vcxproj", "{A7DEF77F-4AD7-4AB8-B328-C2B1B0C3EE90}"
EndProject
Project("{8BC9CEB8-8B4A-11D0-8D11-00A0C91BC942}") = "flash_rasterizer", "flash_rasterizer\flash_rasterizer.vcxproj", "{AB8D1E79-B4F7-4CCD-B778-1220134A9450}"
EndProject
Project("{8BC9CEB8-8B4A-11D0-8D11-00A0C91BC942}") = "flash_rasterizer2", "flash_rasterizer2\flash_rasterizer2.vcxproj", "{3AEDF871-3132-4E8E-8337-79FB332EC0F2}"
EndProject
Project("{8BC9CEB8-8B4A-11D0-8D11-00A0C91BC942}") = "gamma_correction", "gamma_correction\gamma_correction.vcxproj", "{74B63F45-175A-46EA-8D7B-89F172D9A020}"
EndProject
Project("{8BC9CEB8-8B4A-11D0-8D11-00A0C91BC942}") = "gamma_ctrl", "gamma_ctrl\gamma_ctrl.vcxproj", "{300C1B1F-138D-446A-8657-7C8E497496AB}"
EndProject
Project("{8BC9CEB8-8B4A-11D0-8D11-00A0C91BC942}") = "gamma_tuner", "gamma_tuner\gamma_tuner.vcxproj", "{BD3F6D4B-7B60-4E7F-9F59-51302AFD9414}"
EndProject
Project("{8BC9CEB8-8B4A-11D0-8D11-00A0C91BC942}") = "gouraud", "gouraud\gouraud.vcxproj", "{C81BE3D3-16AE-40A4-9164-26625A4AC3A1}"
EndProject
Project("{8BC9CEB8-8B4A-11D0-8D11-00A0C91BC942}") = "gouraud_mesh", "gouraud_mesh\gouraud_mesh.vcxproj", "{A9F05059-C8E7-4EDF-B61A-C41D84E5B4F8}"
EndProject
Project("{8BC9CEB8-8B4A-11D0-8D11-00A0C91BC942}") = "gpc_test", "gpc_test\gpc_test.vcxproj", "{8B246030-C2D3-4592-9DBB-3678DE701519}"
EndProject
Project("{8BC9CEB8-8B4A-11D0-8D11-00A0C91BC942}") = "gradient_focal", "gradient_focal\gradient_focal.vcxproj", "{4F4421DC-3462-4A3E-9F7C-547AAD1DEFC6}"
EndProject
Project("{8BC9CEB8-8B4A-11D0-8D11-00A0C91BC942}") = "gradients", "gradients\gradients.vcxproj", "{97C8D751-6BEF-4442-97F1-8B3D573EF7D7}"
EndProject
Project("{8BC9CEB8-8B4A-11D0-8D11-00A0C91BC942}") = "graph_test", "graph_test\graph_test.vcxproj", "{647E6D98-93B8-4CB2-A430-02B6F2EBB5BC}"
EndProject
Project("{8BC9CEB8-8B4A-11D0-8D11-00A0C91BC942}") = "idea", "idea\idea.vcxproj", "{661EEB4C-4EA0-4BB0-9788-8D1440B58B91}"
EndProject
Project("{8BC9CEB8-8B4A-11D0-8D11-00A0C91BC942}") = "image1", "image1\image1.vcxproj", "{4C0683C0-6F15-4120-8343-BD0E80C17910}"
EndProject
Project("{8BC9CEB8-8B4A-11D0-8D11-00A0C91BC942}") = "image_alpha", "image_alpha\image_alpha.vcxproj", "{49E31E9F-66A5-46F4-AF25-5E00B69D23BD}"
EndProject
Project("{8BC9CEB8-8B4A-11D0-8D11-00A0C91BC942}") = "image_filters", "image_filters\image_filters.vcxproj", "{FE5F8DF8-4620-44AA-B72D-6509FDE27FF8}"
EndProject
Project("{8BC9CEB8-8B4A-11D0-8D11-00A0C91BC942}") = "image_filters2", "image_filters2\image_filters2.vcxproj", "{A0576259-398C-4178-869A-DDBB499A968F}"
EndProject
Project("{8BC9CEB8-8B4A-11D0-8D11-00A0C91BC942}") = "image_fltr_graph", "image_fltr_graph\image_fltr_graph.vcxproj", "{6666A96B-C787-469B-A3CA-F88C658844D2}"
EndProject
Project("{8BC9CEB8-8B4A-11D0-8D11-00A0C91BC942}") = "image_perspective", "image_perspective\image_perspective.vcxproj", "{AD8F9493-B13B-419A-93F2-D94B093CF16B}"
EndProject
Project("{8BC9CEB8-8B4A-11D0-8D11-00A0C91BC942}") = "image_resample", "image_resample\image_resample.vcxproj", "{B2E8E66F-D922-4C63-8BFA-1B844ABC918E}"
EndProject
Project("{8BC9CEB8-8B4A-11D0-8D11-00A0C91BC942}") = "image_transforms", "image_transforms\image_transforms.vcxproj", "{21C720BD-AEB3-4A8E-AF4A-58C183ACE289}"
EndProject
Project("{8BC9CEB8-8B4A-11D0-8D11-00A0C91BC942}") = "line_patterns", "line_patterns\line_patterns.vcxproj", "{7246A7E2-876E-40A7-9156-8772AC9F23E4}"
EndProject
Project("{8BC9CEB8-8B4A-11D0-8D11-00A0C91BC942}") = "line_patterns_clip", "line_patterns_clip\line_patterns_clip.vcxproj", "{0118F157-133B-4971-9583-AEC6A911C8D2}"
EndProject
Project("{8BC9CEB8-8B4A-11D0-8D11-00A0C91BC942}") = "lion", "lion\lion.vcxproj", "{DCBFDA51-5847-4D40-BB0B-B27671DA155C}"
EndProject
Project("{8BC9CEB8-8B4A-11D0-8D11-00A0C91BC942}") = "lion_lens", "lion_lens\lion_lens.vcxproj", "{A8FA10D6-E826-45D7-B521-40FF76DCC885}"
EndProject
Project("{8BC9CEB8-8B4A-11D0-8D11-00A0C91BC942}") = "lion_outline", "lion_outline\lion_outline.vcxproj", "{A47F33DD-9030-44A3-8A23-FAA55F9F3236}"
EndProject
Project("{8BC9CEB8-8B4A-11D0-8D11-00A0C91BC942}") = "mol_view", "mol_view\mol_view.vcxproj", "{3E284E3B-2BC5-499B-B1C0-27D796F1D6C3}"
EndProject
Project("{8BC9CEB8-8B4A-11D0-8D11-00A0C91BC942}") = "multi_clip", "multi_clip\multi_clip.vcxproj", "{AAC23CE7-F164-44C3-9F93-B34F3D9C4A5E}"
EndProject
Project("{8BC9CEB8-8B4A-11D0-8D11-00A0C91BC942}") = "pattern_fill", "pattern_fill\pattern_fill.vcxproj", "{9751FB28-726C-4884-BA1F-ECCA22A32E0F}"
EndProject
Project("{8BC9CEB8-8B4A-11D0-8D11-00A0C91BC942}") = "pattern_perspective", "pattern_perspective\pattern_perspective.vcxproj", "{F54E4601-1FEE-4D75-B0C5-CEDEDBDD62D8}"
EndProject
Project("{8BC9CEB8-8B4A-11D0-8D11-00A0C91BC942}") = "perspective", "perspective\perspective.vcxproj", "{01C37D96-13C9-4647-B9C0-C959C0F67F12}"
EndProject
Project("{8BC9CEB8-8B4A-11D0-8D11-00A0C91BC942}") = "polymorphic_renderer", "polymorphic_renderer\polymorphic_renderer.vcxproj", "{7061B9D9-68A6-4B4F-B3B0-0648CF1E0101}"
EndProject
Project("{8BC9CEB8-8B4A-11D0-8D11-00A0C91BC942}") = "pure_api", "pure_api\pure_api.vcxproj", "{4BEB7240-8CE5-42A6-AC78-B6B04143C015}"
EndProject
Project("{8BC9CEB8-8B4A-11D0-8D11-00A0C91BC942}") = "raster_text", "raster_text\raster_text.vcxproj", "{4AA2AFE8-2323-4790-B70F-F2092D80D964}"
EndProject
Project("{8BC9CEB8-8B4A-11D0-8D11-00A0C91BC942}") = "rasterizer_compound", "rasterizer_compound\rasterizer_compound.vcxproj", "{13C5B36F-3EB2-484A-8C67-5747E7E9B16F}"
EndProject
Project("{8BC9CEB8-8B4A-11D0-8D11-00A0C91BC942}") = "rasterizers", "rasterizers\rasterizers.vcxproj", "{29F26B55-90A8-4C59-8A59-7DA310856C23}"
EndProject
Project("{8BC9CEB8-8B4A-11D0-8D11-00A0C91BC942}") = "rasterizers2", "rasterizers2\rasterizers2.vcxproj", "{6E5BFFD3-39FF-4096-883D-5BED3F953371}"
EndProject
Project("{8BC9CEB8-8B4A-11D0-8D11-00A0C91BC942}") = "rounded_rect", "rounded_rect\rounded_rect.vcxproj", "{72ED93E4-571C-44EF-9776-37B7A82B6FEB}"
EndProject
Project("{8BC9CEB8-8B4A-11D0-8D11-00A0C91BC942}") = "scanline_boolean", "scanline_boolean\scanline_boolean.vcxproj", "{BFF945EE-F796-484C-8B8B-C2C055896BE2}"
EndProject
Project("{8BC9CEB8-8B4A-11D0-8D11-00A0C91BC942}") = "scanline_boolean2", "scanline_boolean2\scanline_boolean2.vcxproj", "{462A4C5D-CFC2-44CC-8C99-830F11DF0A35}"
EndProject
Project("{8BC9CEB8-8B4A-11D0-8D11-00A0C91BC942}") = "simple_blur", "simple_blur\simple_blur.vcxproj", "{476041D7-B239-4E38-9A9C-BA0DBEC312C4}"
EndProject
Project("{8BC9CEB8-8B4A-11D0-8D11-00A0C91BC942}") = "trans_curve1", "trans_curve1\trans_curve1.vcxproj", "{D6B7F6BE-0FC5-480F-A726-E873A4FADACC}"
EndProject
Project("{8BC9CEB8-8B4A-11D0-8D11-00A0C91BC942}") = "trans_curve2", "trans_curve2\trans_curve2.vcxproj", "{E392FECE-5D1E-43F8-B512-1195B4263FD6}"
EndProject
Project("{8BC9CEB8-8B4A-11D0-8D11-00A0C91BC942}") = "trans_polar", "trans_polar\trans_polar.vcxproj", "{D530FD22-13B0-4B6C-AFFF-6DB06BDD8F90}"
EndProject
Project("{8BC9CEB8-8B4A-11D0-8D11-00A0C91BC942}") = "truetype_test", "truetype_test\truetype_test.vcxproj", "{385946A9-13F9-420B-B118-0EBA94155440}"
EndProject
Global
	GlobalSection(SolutionConfigurationPlatforms) = preSolution
		Debug|x86 = Debug|x86
		Release|x86 = Release|x86
		Template|x86 = Template|x86
	EndGlobalSection
	GlobalSection(ProjectConfigurationPlatforms) = postSolution
		{D51D0222-D96F-42A0-A737-A98408D779E2}.Debug|x86.ActiveCfg = Debug|Win32
		{D51D0222-D96F-42A0-A737-A98408D779E2}.Debug|x86.Build.0 = Debug|Win32
		{D51D0222-D96F-42A0-A737-A98408D779E2}.Release|x86.ActiveCfg = Release|Win32
		{D51D0222-D96F-42A0-A737-A98408D779E2}.Release|x86.Build.0 = Release|Win32
		{D51D0222-D96F-42A0-A737-A98408D779E2}.Template|x86.ActiveCfg = Debug|Win32
		{D51D0222-D96F-42A0-A737-A98408D779E2}.Template|x86.Build.0 = Debug|Win32
		{74F3F804-2114-48B1-893E-76CE2C0B1662}.Debug|x86.ActiveCfg = Debug|Win32
		{74F3F804-2114-48B1-893E-76CE2C0B1662}.Debug|x86.Build.0 = Debug|Win32
		{74F3F804-2114-48B1-893E-76CE2C0B1662}.Release|x86.ActiveCfg = Release|Win32
		{74F3F804-2114-48B1-893E-76CE2C0B1662}.Release|x86.Build.0 = Release|Win32
		{74F3F804-2114-48B1-893E-76CE2C0B1662}.Template|x86.ActiveCfg = Template|Win32
		{74F3F804-2114-48B1-893E-76CE2C0B1662}.Template|x86.Build.0 = Template|Win32
		{5BB7E026-48FD-41E8-9F82-93CF3666FB79}.Debug|x86.ActiveCfg = Debug|Win32
		{5BB7E026-48FD-41E8-9F82-93CF3666FB79}.Debug|x86.Build.0 = Debug|Win32
		{5BB7E026-48FD-41E8-9F82-93CF3666FB79}.Release|x86.ActiveCfg = Release|Win32
		{5BB7E026-48FD-41E8-9F82-93CF3666FB79}.Release|x86.Build.0 = Release|Win32
		{5BB7E026-48FD-41E8-9F82-93CF3666FB79}.Template|x86.ActiveCfg = Template|Win32
		{5BB7E026-48FD-41E8-9F82-93CF3666FB79}.Template|x86.Build.0 = Template|Win32
		{A3F59E71-DA0D-4F0D-9CAA-BB3BCD2A83FC}.Debug|x86.ActiveCfg = Debug|Win32
		{A3F59E71-DA0D-4F0D-9CAA-BB3BCD2A83FC}.Debug|x86.Build.0 = Debug|Win32
		{A3F59E71-DA0D-4F0D-9CAA-BB3BCD2A83FC}.Release|x86.ActiveCfg = Release|Win32
		{A3F59E71-DA0D-4F0D-9CAA-BB3BCD2A83FC}.Release|x86.Build.0 = Release|Win32
		{A3F59E71-DA0D-4F0D-9CAA-BB3BCD2A83FC}.Template|x86.ActiveCfg = Template|Win32
		{A3F59E71-DA0D-4F0D-9CAA-BB3BCD2A83FC}.Template|x86.Build.0 = Template|Win32
		{DC9F5D48-F5E5-455D-ADD1-56688D71B1D7}.Debug|x86.ActiveCfg = Debug|Win32
		{DC9F5D48-F5E5-455D-ADD1-56688D71B1D7}.Debug|x86.Build.0 = Debug|Win32
		{DC9F5D48-F5E5-455D-ADD1-56688D71B1D7}.Release|x86.ActiveCfg = Release|Win32
		{DC9F5D48-F5E5-455D-ADD1-56688D71B1D7}.Release|x86.Build.0 = Release|Win32
		{DC9F5D48-F5E5-455D-ADD1-56688D71B1D7}.Template|x86.ActiveCfg = Template|Win32
		{DC9F5D48-F5E5-455D-ADD1-56688D71B1D7}.Template|x86.Build.0 = Template|Win32
		{DEA2B8FD-3801-4ED2-89AD-A00D18666FFC}.Debug|x86.ActiveCfg = Debug|Win32
		{DEA2B8FD-3801-4ED2-89AD-A00D18666FFC}.Debug|x86.Build.0 = Debug|Win32
		{DEA2B8FD-3801-4ED2-89AD-A00D18666FFC}.Release|x86.ActiveCfg = Release|Win32
		{DEA2B8FD-3801-4ED2-89AD-A00D18666FFC}.Release|x86.Build.0 = Release|Win32
		{DEA2B8FD-3801-4ED2-89AD-A00D18666FFC}.Template|x86.ActiveCfg = Template|Win32
		{DEA2B8FD-3801-4ED2-89AD-A00D18666FFC}.Template|x86.Build.0 = Template|Win32
		{2FC0DA43-15DB-4FB6-836E-7CED9A02160A}.Debug|x86.ActiveCfg = Debug|Win32
		{2FC0DA43-15DB-4FB6-836E-7CED9A02160A}.Debug|x86.Build.0 = Debug|Win32
		{2FC0DA43-15DB-4FB6-836E-7CED9A02160A}.Release|x86.ActiveCfg = Release|Win32
		{2FC0DA43-15DB-4FB6-836E-7CED9A02160A}.Release|x86.Build.0 = Release|Win32
		{2FC0DA43-15DB-4FB6-836E-7CED9A02160A}.Template|x86.ActiveCfg = Template|Win32
		{2FC0DA43-15DB-4FB6-836E-7CED9A02160A}.Template|x86.Build.0 = Template|Win32
		{C88A1411-1399-4EC4-B88C-115789643587}.Debug|x86.ActiveCfg = Debug|Win32
		{C88A1411-1399-4EC4-B88C-115789643587}.Debug|x86.Build.0 = Debug|Win32
		{C88A1411-1399-4EC4-B88C-115789643587}.Release|x86.ActiveCfg = Release|Win32
		{C88A1411-1399-4EC4-B88C-115789643587}.Release|x86.Build.0 = Release|Win32
		{C88A1411-1399-4EC4-B88C-115789643587}.Template|x86.ActiveCfg = Template|Win32
		{C88A1411-1399-4EC4-B88C-115789643587}.Template|x86.Build.0 = Template|Win32
		{C412D0AF-65D7-4B74-ADC9-057F3CA3BBC6}.Debug|x86.ActiveCfg = Debug|Win32
		{C412D0AF-65D7-4B74-ADC9-057F3CA3BBC6}.Debug|x86.Build.0 = Debug|Win32
		{C412D0AF-65D7-4B74-ADC9-057F3CA3BBC6}.Release|x86.ActiveCfg = Release|Win32
		{C412D0AF-65D7-4B74-ADC9-057F3CA3BBC6}.Release|x86.Build.0 = Release|Win32
		{C412D0AF-65D7-4B74-ADC9-057F3CA3BBC6}.Template|x86.ActiveCfg = Template|Win32
		{C412D0AF-65D7-4B74-ADC9-057F3CA3BBC6}.Template|x86.Build.0 = Template|Win32
		{3F2AB177-E811-4D75-A0D2-D391C9B813F1}.Debug|x86.ActiveCfg = Debug|Win32
		{3F2AB177-E811-4D75-A0D2-D391C9B813F1}.Debug|x86.Build.0 = Debug|Win32
		{3F2AB177-E811-4D75-A0D2-D391C9B813F1}.Release|x86.ActiveCfg = Release|Win32
		{3F2AB177-E811-4D75-A0D2-D391C9B813F1}.Release|x86.Build.0 = Release|Win32
		{3F2AB177-E811-4D75-A0D2-D391C9B813F1}.Template|x86.ActiveCfg = Template|Win32
		{3F2AB177-E811-4D75-A0D2-D391C9B813F1}.Template|x86.Build.0 = Template|Win32
		{9AB707E2-1715-49BA-BB15-BCD5FBD38036}.Debug|x86.ActiveCfg = Debug|Win32
		{9AB707E2-1715-49BA-BB15-BCD5FBD38036}.Debug|x86.Build.0 = Debug|Win32
		{9AB707E2-1715-49BA-BB15-BCD5FBD38036}.Release|x86.ActiveCfg = Release|Win32
		{9AB707E2-1715-49BA-BB15-BCD5FBD38036}.Release|x86.Build.0 = Release|Win32
		{9AB707E2-1715-49BA-BB15-BCD5FBD38036}.Template|x86.ActiveCfg = Template|Win32
		{9AB707E2-1715-49BA-BB15-BCD5FBD38036}.Template|x86.Build.0 = Template|Win32
		{0564B062-BB96-4F24-B271-8E571DF5958C}.Debug|x86.ActiveCfg = Debug|Win32
		{0564B062-BB96-4F24-B271-8E571DF5958C}.Debug|x86.Build.0 = Debug|Win32
		{0564B062-BB96-4F24-B271-8E571DF5958C}.Release|x86.ActiveCfg = Release|Win32
		{0564B062-BB96-4F24-B271-8E571DF5958C}.Release|x86.Build.0 = Release|Win32
		{0564B062-BB96-4F24-B271-8E571DF5958C}.Template|x86.ActiveCfg = Template|Win32
		{0564B062-BB96-4F24-B271-8E571DF5958C}.Template|x86.Build.0 = Template|Win32
		{0EADA842-4C0F-4146-BAA4-46E3FF59608B}.Debug|x86.ActiveCfg = Debug|Win32
		{0EADA842-4C0F-4146-BAA4-46E3FF59608B}.Debug|x86.Build.0 = Debug|Win32
		{0EADA842-4C0F-4146-BAA4-46E3FF59608B}.Release|x86.ActiveCfg = Release|Win32
		{0EADA842-4C0F-4146-BAA4-46E3FF59608B}.Release|x86.Build.0 = Release|Win32
		{0EADA842-4C0F-4146-BAA4-46E3FF59608B}.Template|x86.ActiveCfg = Template|Win32
		{0EADA842-4C0F-4146-BAA4-46E3FF59608B}.Template|x86.Build.0 = Template|Win32
		{4EAC1767-4043-431E-8116-8A92D89E21E4}.Debug|x86.ActiveCfg = Debug|Win32
		{4EAC1767-4043-431E-8116-8A92D89E21E4}.Debug|x86.Build.0 = Debug|Win32
		{4EAC1767-4043-431E-8116-8A92D89E21E4}.Release|x86.ActiveCfg = Release|Win32
		{4EAC1767-4043-431E-8116-8A92D89E21E4}.Release|x86.Build.0 = Release|Win32
		{4EAC1767-4043-431E-8116-8A92D89E21E4}.Template|x86.ActiveCfg = Template|Win32
		{4EAC1767-4043-431E-8116-8A92D89E21E4}.Template|x86.Build.0 = Template|Win32
		{9109A7E5-856B-4101-8047-BE02C8DF64B9}.Debug|x86.ActiveCfg = Debug|Win32
		{9109A7E5-856B-4101-8047-BE02C8DF64B9}.Debug|x86.Build.0 = Debug|Win32
		{9109A7E5-856B-4101-8047-BE02C8DF64B9}.Release|x86.ActiveCfg = Release|Win32
		{9109A7E5-856B-4101-8047-BE02C8DF64B9}.Release|x86.Build.0 = Release|Win32
		{9109A7E5-856B-4101-8047-BE02C8DF64B9}.Template|x86.ActiveCfg = Template|Win32
		{9109A7E5-856B-4101-8047-BE02C8DF64B9}.Template|x86.Build.0 = Template|Win32
		{C4BBA216-C530-401C-9B8E-8ED1A8535A13}.Debug|x86.ActiveCfg = Debug|Win32
		{C4BBA216-C530-401C-9B8E-8ED1A8535A13}.Debug|x86.Build.0 = Debug|Win32
		{C4BBA216-C530-401C-9B8E-8ED1A8535A13}.Release|x86.ActiveCfg = Release|Win32
		{C4BBA216-C530-401C-9B8E-8ED1A8535A13}.Release|x86.Build.0 = Release|Win32
		{C4BBA216-C530-401C-9B8E-8ED1A8535A13}.Template|x86.ActiveCfg = Template|Win32
		{C4BBA216-C530-401C-9B8E-8ED1A8535A13}.Template|x86.Build.0 = Template|Win32
		{2D24FA05-34F6-418D-93D0-5B80F54ABCCA}.Debug|x86.ActiveCfg = Debug|Win32
		{2D24FA05-34F6-418D-93D0-5B80F54ABCCA}.Debug|x86.Build.0 = Debug|Win32
		{2D24FA05-34F6-418D-93D0-5B80F54ABCCA}.Release|x86.ActiveCfg = Release|Win32
		{2D24FA05-34F6-418D-93D0-5B80F54ABCCA}.Release|x86.Build.0 = Release|Win32
		{2D24FA05-34F6-418D-93D0-5B80F54ABCCA}.Template|x86.ActiveCfg = Template|Win32
		{2D24FA05-34F6-418D-93D0-5B80F54ABCCA}.Template|x86.Build.0 = Template|Win32
		{A7DEF77F-4AD7-4AB8-B328-C2B1B0C3EE90}.Debug|x86.ActiveCfg = Debug|Win32
		{A7DEF77F-4AD7-4AB8-B328-C2B1B0C3EE90}.Debug|x86.Build.0 = Debug|Win32
		{A7DEF77F-4AD7-4AB8-B328-C2B1B0C3EE90}.Release|x86.ActiveCfg = Release|Win32
		{A7DEF77F-4AD7-4AB8-B328-C2B1B0C3EE90}.Release|x86.Build.0 = Release|Win32
		{A7DEF77F-4AD7-4AB8-B328-C2B1B0C3EE90}.Template|x86.ActiveCfg = Template|Win32
		{A7DEF77F-4AD7-4AB8-B328-C2B1B0C3EE90}.Template|x86.Build.0 = Template|Win32
		{AB8D1E79-B4F7-4CCD-B778-1220134A9450}.Debug|x86.ActiveCfg = Debug|Win32
		{AB8D1E79-B4F7-4CCD-B778-1220134A9450}.Debug|x86.Build.0 = Debug|Win32
		{AB8D1E79-B4F7-4CCD-B778-1220134A9450}.Release|x86.ActiveCfg = Release|Win32
		{AB8D1E79-B4F7-4CCD-B778-1220134A9450}.Release|x86.Build.0 = Release|Win32
		{AB8D1E79-B4F7-4CCD-B778-1220134A9450}.Template|x86.ActiveCfg = Template|Win32
		{AB8D1E79-B4F7-4CCD-B778-1220134A9450}.Template|x86.Build.0 = Template|Win32
		{3AEDF871-3132-4E8E-8337-79FB332EC0F2}.Debug|x86.ActiveCfg = Debug|Win32
		{3AEDF871-3132-4E8E-8337-79FB332EC0F2}.Debug|x86.Build.0 = Debug|Win32
		{3AEDF871-3132-4E8E-8337-79FB332EC0F2}.Release|x86.ActiveCfg = Release|Win32
		{3AEDF871-3132-4E8E-8337-79FB332EC0F2}.Release|x86.Build.0 = Release|Win32
		{3AEDF871-3132-4E8E-8337-79FB332EC0F2}.Template|x86.ActiveCfg = Template|Win32
		{3AEDF871-3132-4E8E-8337-79FB332EC0F2}.Template|x86.Build.0 = Template|Win32
		{74B63F45-175A-46EA-8D7B-89F172D9A020}.Debug|x86.ActiveCfg = Debug|Win32
		{74B63F45-175A-46EA-8D7B-89F172D9A020}.Debug|x86.Build.0 = Debug|Win32
		{74B63F45-175A-46EA-8D7B-89F172D9A020}.Release|x86.ActiveCfg = Release|Win32
		{74B63F45-175A-46EA-8D7B-89F172D9A020}.Release|x86.Build.0 = Release|Win32
		{74B63F45-175A-46EA-8D7B-89F172D9A020}.Template|x86.ActiveCfg = Template|Win32
		{74B63F45-175A-46EA-8D7B-89F172D9A020}.Template|x86.Build.0 = Template|Win32
		{300C1B1F-138D-446A-8657-7C8E497496AB}.Debug|x86.ActiveCfg = Debug|Win32
		{300C1B1F-138D-446A-8657-7C8E497496AB}.Debug|x86.Build.0 = Debug|Win32
		{300C1B1F-138D-446A-8657-7C8E497496AB}.Release|x86.ActiveCfg = Release|Win32
		{300C1B1F-138D-446A-8657-7C8E497496AB}.Release|x86.Build.0 = Release|Win32
		{300C1B1F-138D-446A-8657-7C8E497496AB}.Template|x86.ActiveCfg = Template|Win32
		{300C1B1F-138D-446A-8657-7C8E497496AB}.Template|x86.Build.0 = Template|Win32
		{BD3F6D4B-7B60-4E7F-9F59-51302AFD9414}.Debug|x86.ActiveCfg = Debug|Win32
		{BD3F6D4B-7B60-4E7F-9F59-51302AFD9414}.Debug|x86.Build.0 = Debug|Win32
		{BD3F6D4B-7B60-4E7F-9F59-51302AFD9414}.Release|x86.ActiveCfg = Release|Win32
		{BD3F6D4B-7B60-4E7F-9F59-51302AFD9414}.Release|x86.Build.0 = Release|Win32
		{BD3F6D4B-7B60-4E7F-9F59-51302AFD9414}.Template|x86.ActiveCfg = Template|Win32
		{BD3F6D4B-7B60-4E7F-9F59-51302AFD9414}.Template|x86.Build.0 = Template|Win32
		{C81BE3D3-16AE-40A4-9164-26625A4AC3A1}.Debug|x86.ActiveCfg = Debug|Win32
		{C81BE3D3-16AE-40A4-9164-26625A4AC3A1}.Debug|x86.Build.0 = Debug|Win32
		{C81BE3D3-16AE-40A4-9164-26625A4AC3A1}.Release|x86.ActiveCfg = Release|Win32
		{C81BE3D3-16AE-40A4-9164-26625A4AC3A1}.Release|x86.Build.0 = Release|Win32
		{C81BE3D3-16AE-40A4-9164-26625A4AC3A1}.Template|x86.ActiveCfg = Template|Win32
		{C81BE3D3-16AE-40A4-9164-26625A4AC3A1}.Template|x86.Build.0 = Template|Win32
		{A9F05059-C8E7-4EDF-B61A-C41D84E5B4F8}.Debug|x86.ActiveCfg = Debug|Win32
		{A9F05059-C8E7-4EDF-B61A-C41D84E5B4F8}.Debug|x86.Build.0 = Debug|Win32
		{A9F05059-C8E7-4EDF-B61A-C41D84E5B4F8}.Release|x86.ActiveCfg = Release|Win32
		{A9F05059-C8E7-4EDF-B61A-C41D84E5B4F8}.Release|x86.Build.0 = Release|Win32
		{A9F05059-C8E7-4EDF-B61A-C41D84E5B4F8}.Template|x86.ActiveCfg = Template|Win32
		{A9F05059-C8E7-4EDF-B61A-C41D84E5B4F8}.Template|x86.Build.0 = Template|Win32
		{8B246030-C2D3-4592-9DBB-3678DE701519}.Debug|x86.ActiveCfg = Debug|Win32
		{8B246030-C2D3-4592-9DBB-3678DE701519}.Debug|x86.Build.0 = Debug|Win32
		{8B246030-C2D3-4592-9DBB-3678DE701519}.Release|x86.ActiveCfg = Release|Win32
		{8B246030-C2D3-4592-9DBB-3678DE701519}.Release|x86.Build.0 = Release|Win32
		{8B246030-C2D3-4592-9DBB-3678DE701519}.Template|x86.ActiveCfg = Template|Win32
		{8B246030-C2D3-4592-9DBB-3678DE701519}.Template|x86.Build.0 = Template|Win32
		{4F4421DC-3462-4A3E-9F7C-547AAD1DEFC6}.Debug|x86.ActiveCfg = Debug|Win32
		{4F4421DC-3462-4A3E-9F7C-547AAD1DEFC6}.Debug|x86.Build.0 = Debug|Win32
		{4F4421DC-3462-4A3E-9F7C-547AAD1DEFC6}.Release|x86.ActiveCfg = Release|Win32
		{4F4421DC-3462-4A3E-9F7C-547AAD1DEFC6}.Release|x86.Build.0 = Release|Win32
		{4F4421DC-3462-4A3E-9F7C-547AAD1DEFC6}.Template|x86.ActiveCfg = Template|Win32
		{4F4421DC-3462-4A3E-9F7C-547AAD1DEFC6}.Template|x86.Build.0 = Template|Win32
		{97C8D751-6BEF-4442-97F1-8B3D573EF7D7}.Debug|x86.ActiveCfg = Debug|Win32
		{97C8D751-6BEF-4442-97F1-8B3D573EF7D7}.Debug|x86.Build.0 = Debug|Win32
		{97C8D751-6BEF-4442-97F1-8B3D573EF7D7}.Release|x86.ActiveCfg = Release|Win32
		{97C8D751-6BEF-4442-97F1-8B3D573EF7D7}.Release|x86.Build.0 = Release|Win32
		{97C8D751-6BEF-4442-97F1-8B3D573EF7D7}.Template|x86.ActiveCfg = Template|Win32
		{97C8D751-6BEF-4442-97F1-8B3D573EF7D7}.Template|x86.Build.0 = Template|Win32
		{647E6D98-93B8-4CB2-A430-02B6F2EBB5BC}.Debug|x86.ActiveCfg = Debug|Win32
		{647E6D98-93B8-4CB2-A430-02B6F2EBB5BC}.Debug|x86.Build.0 = Debug|Win32
		{647E6D98-93B8-4CB2-A430-02B6F2EBB5BC}.Release|x86.ActiveCfg = Release|Win32
		{647E6D98-93B8-4CB2-A430-02B6F2EBB5BC}.Release|x86.Build.0 = Release|Win32
		{647E6D98-93B8-4CB2-A430-02B6F2EBB5BC}.Template|x86.ActiveCfg = Template|Win32
		{647E6D98-93B8-4CB2-A430-02B6F2EBB5BC}.Template|x86.Build.0 = Template|Win32
		{661EEB4C-4EA0-4BB0-9788-8D1440B58B91}.Debug|x86.ActiveCfg = Debug|Win32
		{661EEB4C-4EA0-4BB0-9788-8D1440B58B91}.Debug|x86.Build.0 = Debug|Win32
		{661EEB4C-4EA0-4BB0-9788-8D1440B58B91}.Release|x86.ActiveCfg = Release|Win32
		{661EEB4C-4EA0-4BB0-9788-8D1440B58B91}.Release|x86.Build.0 = Release|Win32
		{661EEB4C-4EA0-4BB0-9788-8D1440B58B91}.Template|x86.ActiveCfg = Template|Win32
		{661EEB4C-4EA0-4BB0-9788-8D1440B58B91}.Template|x86.Build.0 = Template|Win32
		{4C0683C0-6F15-4120-8343-BD0E80C17910}.Debug|x86.ActiveCfg = Debug|Win32
		{4C0683C0-6F15-4120-8343-BD0E80C17910}.Debug|x86.Build.0 = Debug|Win32
		{4C0683C0-6F15-4120-8343-BD0E80C17910}.Release|x86.ActiveCfg = Release|Win32
		{4C0683C0-6F15-4120-8343-BD0E80C17910}.Release|x86.Build.0 = Release|Win32
		{4C0683C0-6F15-4120-8343-BD0E80C17910}.Template|x86.ActiveCfg = Template|Win32
		{4C0683C0-6F15-4120-8343-BD0E80C17910}.Template|x86.Build.0 = Template|Win32
		{49E31E9F-66A5-46F4-AF25-5E00B69D23BD}.Debug|x86.ActiveCfg = Debug|Win32
		{49E31E9F-66A5-46F4-AF25-5E00B69D23BD}.Debug|x86.Build.0 = Debug|Win32
		{49E31E9F-66A5-46F4-AF25-5E00B69D23BD}.Release|x86.ActiveCfg = Release|Win32
		{49E31E9F-66A5-46F4-AF25-5E00B69D23BD}.Release|x86.Build.0 = Release|Win32
		{49E31E9F-66A5-46F4-AF25-5E00B69D23BD}.Template|x86.ActiveCfg = Template|Win32
		{49E31E9F-66A5-46F4-AF25-5E00B69D23BD}.Template|x86.Build.0 = Template|Win32
		{FE5F8DF8-4620-44AA-B72D-6509FDE27FF8}.Debug|x86.ActiveCfg = Debug|Win32
		{FE5F8DF8-4620-44AA-B72D-6509FDE27FF8}.Debug|x86.Build.0 = Debug|Win32
		{FE5F8DF8-4620-44AA-B72D-6509FDE27FF8}.Release|x86.ActiveCfg = Release|Win32
		{FE5F8DF8-4620-44AA-B72D-6509FDE27FF8}.Release|x86.Build.0 = Release|Win32
		{FE5F8DF8-4620-44AA-B72D-6509FDE27FF8}.Template|x86.ActiveCfg = Template|Win32
		{FE5F8DF8-4620-44AA-B72D-6509FDE27FF8}.Template|x86.Build.0 = Template|Win32
		{A0576259-398C-4178-869A-DDBB499A968F}.Debug|x86.ActiveCfg = Debug|Win32
		{A0576259-398C-4178-869A-DDBB499A968F}.Debug|x86.Build.0 = Debug|Win32
		{A0576259-398C-4178-869A-DDBB499A968F}.Release|x86.ActiveCfg = Release|Win32
		{A0576259-398C-4178-869A-DDBB499A968F}.Release|x86.Build.0 = Release|Win32
		{A0576259-398C-4178-869A-DDBB499A968F}.Template|x86.ActiveCfg = Template|Win32
		{A0576259-398C-4178-869A-DDBB499A968F}.Template|x86.Build.0 = Template|Win32
		{6666A96B-C787-469B-A3CA-F88C658844D2}.Debug|x86.ActiveCfg = Debug|Win32
		{6666A96B-C787-469B-A3CA-F88C658844D2}.Debug|x86.Build.0 = Debug|Win32
		{6666A96B-C787-469B-A3CA-F88C658844D2}.Release|x86.ActiveCfg = Release|Win32
		{6666A96B-C787-469B-A3CA-F88C658844D2}.Release|x86.Build.0 = Release|Win32
		{6666A96B-C787-469B-A3CA-F88C658844D2}.Template|x86.ActiveCfg = Template|Win32
		{6666A96B-C787-469B-A3CA-F88C658844D2}.Template|x86.Build.0 = Template|Win32
		{AD8F9493-B13B-419A-93F2-D94B093CF16B}.Debug|x86.ActiveCfg = Debug|Win32
		{AD8F9493-B13B-419A-93F2-D94B093CF16B}.Debug|x86.Build.0 = Debug|Win32
		{AD8F9493-B13B-419A-93F2-D94B093CF16B}.Release|x86.ActiveCfg = Release|Win32
		{AD8F9493-B13B-419A-93F2-D94B093CF16B}.Release|x86.Build.0 = Release|Win32
		{AD8F9493-B13B-419A-93F2-D94B093CF16B}.Template|x86.ActiveCfg = Template|Win32
		{AD8F9493-B13B-419A-93F2-D94B093CF16B}.Template|x86.Build.0 = Template|Win32
		{B2E8E66F-D922-4C63-8BFA-1B844ABC918E}.Debug|x86.ActiveCfg = Debug|Win32
		{B2E8E66F-D922-4C63-8BFA-1B844ABC918E}.Debug|x86.Build.0 = Debug|Win32
		{B2E8E66F-D922-4C63-8BFA-1B844ABC918E}.Release|x86.ActiveCfg = Release|Win32
		{B2E8E66F-D922-4C63-8BFA-1B844ABC918E}.Release|x86.Build.0 = Release|Win32
		{B2E8E66F-D922-4C63-8BFA-1B844ABC918E}.Template|x86.ActiveCfg = Template|Win32
		{B2E8E66F-D922-4C63-8BFA-1B844ABC918E}.Template|x86.Build.0 = Template|Win32
		{21C720BD-AEB3-4A8E-AF4A-58C183ACE289}.Debug|x86.ActiveCfg = Debug|Win32
		{21C720BD-AEB3-4A8E-AF4A-58C183ACE289}.Debug|x86.Build.0 = Debug|Win32
		{21C720BD-AEB3-4A8E-AF4A-58C183ACE289}.Release|x86.ActiveCfg = Release|Win32
		{21C720BD-AEB3-4A8E-AF4A-58C183ACE289}.Release|x86.Build.0 = Release|Win32
		{21C720BD-AEB3-4A8E-AF4A-58C183ACE289}.Template|x86.ActiveCfg = Template|Win32
		{21C720BD-AEB3-4A8E-AF4A-58C183ACE289}.Template|x86.Build.0 = Template|Win32
		{7246A7E2-876E-40A7-9156-8772AC9F23E4}.Debug|x86.ActiveCfg = Debug|Win32
		{7246A7E2-876E-40A7-9156-8772AC9F23E4}.Debug|x86.Build.0 = Debug|Win32
		{7246A7E2-876E-40A7-9156-8772AC9F23E4}.Release|x86.ActiveCfg = Release|Win32
		{7246A7E2-876E-40A7-9156-8772AC9F23E4}.Release|x86.Build.0 = Release|Win32
		{7246A7E2-876E-40A7-9156-8772AC9F23E4}.Template|x86.ActiveCfg = Template|Win32
		{7246A7E2-876E-40A7-9156-8772AC9F23E4}.Template|x86.Build.0 = Template|Win32
		{0118F157-133B-4971-9583-AEC6A911C8D2}.Debug|x86.ActiveCfg = Debug|Win32
		{0118F157-133B-4971-9583-AEC6A911C8D2}.Debug|x86.Build.0 = Debug|Win32
		{0118F157-133B-4971-9583-AEC6A911C8D2}.Release|x86.ActiveCfg = Release|Win32
		{0118F157-133B-4971-9583-AEC6A911C8D2}.Release|x86.Build.0 = Release|Win32
		{0118F157-133B-4971-9583-AEC6A911C8D2}.Template|x86.ActiveCfg = Template|Win32
		{0118F157-133B-4971-9583-AEC6A911C8D2}.Template|x86.Build.0 = Template|Win32
		{DCBFDA51-5847-4D40-BB0B-B27671DA155C}.Debug|x86.ActiveCfg = Debug|Win32
		{DCBFDA51-5847-4D40-BB0B-B27671DA155C}.Debug|x86.Build.0 = Debug|Win32
		{DCBFDA51-5847-4D40-BB0B-B27671DA155C}.Release|x86.ActiveCfg = Release|Win32
		{DCBFDA51-5847-4D40-BB0B-B27671DA155C}.Release|x86.Build.0 = Release|Win32
		{DCBFDA51-5847-4D40-BB0B-B27671DA155C}.Template|x86.ActiveCfg = Template|Win32
		{DCBFDA51-5847-4D40-BB0B-B27671DA155C}.Template|x86.Build.0 = Template|Win32
		{A8FA10D6-E826-45D7-B521-40FF76DCC885}.Debug|x86.ActiveCfg = Debug|Win32
		{A8FA10D6-E826-45D7-B521-40FF76DCC885}.Debug|x86.Build.0 = Debug|Win32
		{A8FA10D6-E826-45D7-B521-40FF76DCC885}.Release|x86.ActiveCfg = Release|Win32
		{A8FA10D6-E826-45D7-B521-40FF76DCC885}.Release|x86.Build.0 = Release|Win32
		{A8FA10D6-E826-45D7-B521-40FF76DCC885}.Template|x86.ActiveCfg = Template|Win32
		{A8FA10D6-E826-45D7-B521-40FF76DCC885}.Template|x86.Build.0 = Template|Win32
		{A47F33DD-9030-44A3-8A23-FAA55F9F3236}.Debug|x86.ActiveCfg = Debug|Win32
		{A47F33DD-9030-44A3-8A23-FAA55F9F3236}.Debug|x86.Build.0 = Debug|Win32
		{A47F33DD-9030-44A3-8A23-FAA55F9F3236}.Release|x86.ActiveCfg = Release|Win32
		{A47F33DD-9030-44A3-8A23-FAA55F9F3236}.Release|x86.Build.0 = Release|Win32
		{A47F33DD-9030-44A3-8A23-FAA55F9F3236}.Template|x86.ActiveCfg = Template|Win32
		{A47F33DD-9030-44A3-8A23-FAA55F9F3236}.Template|x86.Build.0 = Template|Win32
		{3E284E3B-2BC5-499B-B1C0-27D796F1D6C3}.Debug|x86.ActiveCfg = Debug|Win32
		{3E284E3B-2BC5-499B-B1C0-27D796F1D6C3}.Debug|x86.Build.0 = Debug|Win32
		{3E284E3B-2BC5-499B-B1C0-27D796F1D6C3}.Release|x86.ActiveCfg = Release|Win32
		{3E284E3B-2BC5-499B-B1C0-27D796F1D6C3}.Release|x86.Build.0 = Release|Win32
		{3E284E3B-2BC5-499B-B1C0-27D796F1D6C3}.Template|x86.ActiveCfg = Template|Win32
		{3E284E3B-2BC5-499B-B1C0-27D796F1D6C3}.Template|x86.Build.0 = Template|Win32
		{AAC23CE7-F164-44C3-9F93-B34F3D9C4A5E}.Debug|x86.ActiveCfg = Debug|Win32
		{AAC23CE7-F164-44C3-9F93-B34F3D9C4A5E}.Debug|x86.Build.0 = Debug|Win32
		{AAC23CE7-F164-44C3-9F93-B34F3D9C4A5E}.Release|x86.ActiveCfg = Release|Win32
		{AAC23CE7-F164-44C3-9F93-B34F3D9C4A5E}.Release|x86.Build.0 = Release|Win32
		{AAC23CE7-F164-44C3-9F93-B34F3D9C4A5E}.Template|x86.ActiveCfg = Template|Win32
		{AAC23CE7-F164-44C3-9F93-B34F3D9C4A5E}.Template|x86.Build.0 = Template|Win32
		{9751FB28-726C-4884-BA1F-ECCA22A32E0F}.Debug|x86.ActiveCfg = Debug|Win32
		{9751FB28-726C-4884-BA1F-ECCA22A32E0F}.Debug|x86.Build.0 = Debug|Win32
		{9751FB28-726C-4884-BA1F-ECCA22A32E0F}.Release|x86.ActiveCfg = Release|Win32
		{9751FB28-726C-4884-BA1F-ECCA22A32E0F}.Release|x86.Build.0 = Release|Win32
		{9751FB28-726C-4884-BA1F-ECCA22A32E0F}.Template|x86.ActiveCfg = Template|Win32
		{9751FB28-726C-4884-BA1F-ECCA22A32E0F}.Template|x86.Build.0 = Template|Win32
		{F54E4601-1FEE-4D75-B0C5-CEDEDBDD62D8}.Debug|x86.ActiveCfg = Debug|Win32
		{F54E4601-1FEE-4D75-B0C5-CEDEDBDD62D8}.Debug|x86.Build.0 = Debug|Win32
		{F54E4601-1FEE-4D75-B0C5-CEDEDBDD62D8}.Release|x86.ActiveCfg = Release|Win32
		{F54E4601-1FEE-4D75-B0C5-CEDEDBDD62D8}.Release|x86.Build.0 = Release|Win32
		{F54E4601-1FEE-4D75-B0C5-CEDEDBDD62D8}.Template|x86.ActiveCfg = Template|Win32
		{F54E4601-1FEE-4D75-B0C5-CEDEDBDD62D8}.Template|x86.Build.0 = Template|Win32
		{01C37D96-13C9-4647-B9C0-C959C0F67F12}.Debug|x86.ActiveCfg = Debug|Win32
		{01C37D96-13C9-4647-B9C0-C959C0F67F12}.Debug|x86.Build.0 = Debug|Win32
		{01C37D96-13C9-4647-B9C0-C959C0F67F12}.Release|x86.ActiveCfg = Release|Win32
		{01C37D96-13C9-4647-B9C0-C959C0F67F12}.Release|x86.Build.0 = Release|Win32
		{01C37D96-13C9-4647-B9C0-C959C0F67F12}.Template|x86.ActiveCfg = Template|Win32
		{01C37D96-13C9-4647-B9C0-C959C0F67F12}.Template|x86.Build.0 = Template|Win32
		{7061B9D9-68A6-4B4F-B3B0-0648CF1E0101}.Debug|x86.ActiveCfg = Debug|Win32
		{7061B9D9-68A6-4B4F-B3B0-0648CF1E0101}.Debug|x86.Build.0 = Debug|Win32
		{7061B9D9-68A6-4B4F-B3B0-0648CF1E0101}.Release|x86.ActiveCfg = Release|Win32
		{7061B9D9-68A6-4B4F-B3B0-0648CF1E0101}.Release|x86.Build.0 = Release|Win32
		{7061B9D9-68A6-4B4F-B3B0-0648CF1E0101}.Template|x86.ActiveCfg = Template|Win32
		{7061B9D9-68A6-4B4F-B3B0-0648CF1E0101}.Template|x86.Build.0 = Template|Win32
		{4BEB7240-8CE5-42A6-AC78-B6B04143C015}.Debug|x86.ActiveCfg = Debug|Win32
		{4BEB7240-8CE5-42A6-AC78-B6B04143C015}.Debug|x86.Build.0 = Debug|Win32
		{4BEB7240-8CE5-42A6-AC78-B6B04143C015}.Release|x86.ActiveCfg = Release|Win32
		{4BEB7240-8CE5-42A6-AC78-B6B04143C015}.Release|x86.Build.0 = Release|Win32
		{4BEB7240-8CE5-42A6-AC78-B6B04143C015}.Template|x86.ActiveCfg = Template|Win32
		{4BEB7240-8CE5-42A6-AC78-B6B04143C015}.Template|x86.Build.0 = Template|Win32
		{4AA2AFE8-2323-4790-B70F-F2092D80D964}.Debug|x86.ActiveCfg = Debug|Win32
		{4AA2AFE8-2323-4790-B70F-F2092D80D964}.Debug|x86.Build.0 = Debug|Win32
		{4AA2AFE8-2323-4790-B70F-F2092D80D964}.Release|x86.ActiveCfg = Release|Win32
		{4AA2AFE8-2323-4790-B70F-F2092D80D964}.Release|x86.Build.0 = Release|Win32
		{4AA2AFE8-2323-4790-B70F-F2092D80D964}.Template|x86.ActiveCfg = Template|Win32
		{4AA2AFE8-2323-4790-B70F-F2092D80D964}.Template|x86.Build.0 = Template|Win32
		{13C5B36F-3EB2-484A-8C67-5747E7E9B16F}.Debug|x86.ActiveCfg = Debug|Win32
		{13C5B36F-3EB2-484A-8C67-5747E7E9B16F}.Debug|x86.Build.0 = Debug|Win32
		{13C5B36F-3EB2-484A-8C67-5747E7E9B16F}.Release|x86.ActiveCfg = Release|Win32
		{13C5B36F-3EB2-484A-8C67-5747E7E9B16F}.Release|x86.Build.0 = Release|Win32
		{13C5B36F-3EB2-484A-8C67-5747E7E9B16F}.Template|x86.ActiveCfg = Template|Win32
		{13C5B36F-3EB2-484A-8C67-5747E7E9B16F}.Template|x86.Build.0 = Template|Win32
		{29F26B55-90A8-4C59-8A59-7DA310856C23}.Debug|x86.ActiveCfg = Debug|Win32
		{29F26B55-90A8-4C59-8A59-7DA310856C23}.Debug|x86.Build.0 = Debug|Win32
		{29F26B55-90A8-4C59-8A59-7DA310856C23}.Release|x86.ActiveCfg = Release|Win32
		{29F26B55-90A8-4C59-8A59-7DA310856C23}.Release|x86.Build.0 = Release|Win32
		{29F26B55-90A8-4C59-8A59-7DA310856C23}.Template|x86.ActiveCfg = Template|Win32
		{29F26B55-90A8-4C59-8A59-7DA310856C23}.Template|x86.Build.0 = Template|Win32
		{6E5BFFD3-39FF-4096-883D-5BED3F953371}.Debug|x86.ActiveCfg = Debug|Win32
		{6E5BFFD3-39FF-4096-883D-5BED3F953371}.Debug|x86.Build.0 = Debug|Win32
		{6E5BFFD3-39FF-4096-883D-5BED3F953371}.Release|x86.ActiveCfg = Release|Win32
		{6E5BFFD3-39FF-4096-883D-5BED3F953371}.Release|x86.Build.0 = Release|Win32
		{6E5BFFD3-39FF-4096-883D-5BED3F953371}.Template|x86.ActiveCfg = Template|Win32
		{6E5BFFD3-39FF-4096-883D-5BED3F953371}.Template|x86.Build.0 = Template|Win32
		{72ED93E4-571C-44EF-9776-37B7A82B6FEB}.Debug|x86.ActiveCfg = Debug|Win32
		{72ED93E4-571C-44EF-9776-37B7A82B6FEB}.Debug|x86.Build.0 = Debug|Win32
		{72ED93E4-571C-44EF-9776-37B7A82B6FEB}.Release|x86.ActiveCfg = Release|Win32
		{72ED93E4-571C-44EF-9776-37B7A82B6FEB}.Release|x86.Build.0 = Release|Win32
		{72ED93E4-571C-44EF-9776-37B7A82B6FEB}.Template|x86.ActiveCfg = Template|Win32
		{72ED93E4-571C-44EF-9776-37B7A82B6FEB}.Template|x86.Build.0 = Template|Win32
		{BFF945EE-F796-484C-8B8B-C2C055896BE2}.Debug|x86.ActiveCfg = Debug|Win32
		{BFF945EE-F796-484C-8B8B-C2C055896BE2}.Debug|x86.Build.0 = Debug|Win32
		{BFF945EE-F796-484C-8B8B-C2C055896BE2}.Release|x86.ActiveCfg = Release|Win32
		{BFF945EE-F796-484C-8B8B-C2C055896BE2}.Release|x86.Build.0 = Release|Win32
		{BFF945EE-F796-484C-8B8B-C2C055896BE2}.Template|x86.ActiveCfg = Template|Win32
		{BFF945EE-F796-484C-8B8B-C2C055896BE2}.Template|x86.Build.0 = Template|Win32
		{462A4C5D-CFC2-44CC-8C99-830F11DF0A35}.Debug|x86.ActiveCfg = Debug|Win32
		{462A4C5D-CFC2-44CC-8C99-830F11DF0A35}.Debug|x86.Build.0 = Debug|Win32
		{462A4C5D-CFC2-44CC-8C99-830F11DF0A35}.Release|x86.ActiveCfg = Release|Win32
		{462A4C5D-CFC2-44CC-8C99-830F11DF0A35}.Release|x86.Build.0 = Release|Win32
		{462A4C5D-CFC2-44CC-8C99-830F11DF0A35}.Template|x86.ActiveCfg = Template|Win32
		{462A4C5D-CFC2-44CC-8C99-830F11DF0A35}.Template|x86.Build.0 = Template|Win32
		{476041D7-B239-4E38-9A9C-BA0DBEC312C4}.Debug|x86.ActiveCfg = Debug|Win32
		{476041D7-B239-4E38-9A9C-BA0DBEC312C4}.Debug|x86.Build.0 = Debug|Win32
		{476041D7-B239-4E38-9A9C-BA0DBEC312C4}.Release|x86.ActiveCfg = Release|Win32
		{476041D7-B239-4E38-9A9C-BA0DBEC312C4}.Release|x86.Build.0 = Release|Win32
		{476041D7-B239-4E38-9A9C-BA0DBEC312C4}.Template|x86.ActiveCfg = Template|Win32
		{476041D7-B239-4E38-9A9C-BA0DBEC312C4}.Template|x86.Build.0 = Template|Win32
		{D6B7F6BE-0FC5-480F-A726-E873A4FADACC}.Debug|x86.ActiveCfg = Debug|Win32
		{D6B7F6BE-0FC5-480F-A726-E873A4FADACC}.Debug|x86.Build.0 = Debug|Win32
		{D6B7F6BE-0FC5-480F-A726-E873A4FADACC}.Release|x86.ActiveCfg = Release|Win32
		{D6B7F6BE-0FC5-480F-A726-E873A4FADACC}.Release|x86.Build.0 = Release|Win32
		{D6B7F6BE-0FC5-480F-A726-E873A4FADACC}.Template|x86.ActiveCfg = Template|Win32
		{D6B7F6BE-0FC5-480F-A726-E873A4FADACC}.Template|x86.Build.0 = Template|Win32
		{E392FECE-5D1E-43F8-B512-1195B4263FD6}.Debug|x86.ActiveCfg = Debug|Win32
		{E392FECE-5D1E-43F8-B512-1195B4263FD6}.Debug|x86.Build.0 = Debug|Win32
		{E392FECE-5D1E-43F8-B512-1195B4263FD6}.Release|x86.ActiveCfg = Release|Win32
		{E392FECE-5D1E-43F8-B512-1195B4263FD6}.Release|x86.Build.0 = Release|Win32
		{E392FECE-5D1E-43F8-B512-1195B4263FD6}.Template|x86.ActiveCfg = Template|Win32
		{E392FECE-5D1E-43F8-B512-1195B4263FD6}.Template|x86.Build.0 = Template|Win32
		{D530FD22-13B0-4B6C-AFFF-6DB06BDD8F90}.Debug|x86.ActiveCfg = Debug|Win32
		{D530FD22-13B0-4B6C-AFFF-6DB06BDD8F90}.Debug|x86.Build.0 = Debug|Win32
		{D530FD22-13B0-4B6C-AFFF-6DB06BDD8F90}.Release|x86.ActiveCfg = Release|Win32
		{D530FD22-13B0-4B6C-AFFF-6DB06BDD8F90}.Release|x86.Build.0 = Release|Win32
		{D530FD22-13B0-4B6C-AFFF-6DB06BDD8F90}.Template|x86.ActiveCfg = Template|Win32
		{D530FD22-13B0-4B6C-AFFF-6DB06BDD8F90}.Template|x86.Build.0 = Template|Win32
		{385946A9-13F9-420B-B118-0EBA94155440}.Debug|x86.ActiveCfg = Debug|Win32
		{385946A9-13F9-420B-B118-0EBA94155440}.Debug|x86.Build.0 = Debug|Win32
		{385946A9-13F9-420B-B118-0EBA94155440}.Release|x86.ActiveCfg = Release|Win32
		{385946A9-13F9-420B-B118-0EBA94155440}.Release|x86.Build.0 = Release|Win32
		{385946A9-13F9-420B-B118-0EBA94155440}.Template|x86.ActiveCfg = Template|Win32
		{385946A9-13F9-420B-B118-0EBA94155440}.Template|x86.Build.0 = Template|Win32
	EndGlobalSection
	GlobalSection(SolutionProperties) = preSolution
		HideSolutionNode = FALSE
	EndGlobalSection
	GlobalSection(ExtensibilityGlobals) = postSolution
		SolutionGuid = {BDFA1EDD-3232-4024-81B2-25AD865DEC4C}
	EndGlobalSection
EndGlobal
